// !$*UTF8*$!
{
	archiveVersion = 1;
	classes = {
	};
	objectVersion = 46;
	objects = {

/* Begin PBXBuildFile section */
		6E277E0D68A248D0AEB7CBED /* Pods_Stuff_It.framework in Frameworks */ = {isa = PBXBuildFile; fileRef = BE9386597BBFD8D75A259919 /* Pods_Stuff_It.framework */; };
		AD0355651EBCB8B1008C6082 /* RoundCircleButton.swift in Sources */ = {isa = PBXBuildFile; fileRef = AD0355641EBCB8B1008C6082 /* RoundCircleButton.swift */; };
		AD101E3D1ECD08CA00B9DD9B /* DUMBViewController.swift in Sources */ = {isa = PBXBuildFile; fileRef = AD101E3C1ECD08CA00B9DD9B /* DUMBViewController.swift */; };
		AD1B323B1EC34D2700EB9424 /* SFDisplay-Black.otf in Resources */ = {isa = PBXBuildFile; fileRef = AD1B32261EC34D2700EB9424 /* SFDisplay-Black.otf */; };
		AD1B323C1EC34D2700EB9424 /* SFDisplay-Bold.otf in Resources */ = {isa = PBXBuildFile; fileRef = AD1B32271EC34D2700EB9424 /* SFDisplay-Bold.otf */; };
		AD1B323D1EC34D2700EB9424 /* SFDisplay-Heavy.otf in Resources */ = {isa = PBXBuildFile; fileRef = AD1B32281EC34D2700EB9424 /* SFDisplay-Heavy.otf */; };
		AD1B323E1EC34D2700EB9424 /* SFDisplay-Light.otf in Resources */ = {isa = PBXBuildFile; fileRef = AD1B32291EC34D2700EB9424 /* SFDisplay-Light.otf */; };
		AD1B323F1EC34D2700EB9424 /* SFDisplay-Medium.otf in Resources */ = {isa = PBXBuildFile; fileRef = AD1B322A1EC34D2700EB9424 /* SFDisplay-Medium.otf */; };
		AD1B32401EC34D2700EB9424 /* SFDisplay-Regular.otf in Resources */ = {isa = PBXBuildFile; fileRef = AD1B322B1EC34D2700EB9424 /* SFDisplay-Regular.otf */; };
		AD1B32411EC34D2700EB9424 /* SFDisplay-Semibold.otf in Resources */ = {isa = PBXBuildFile; fileRef = AD1B322C1EC34D2700EB9424 /* SFDisplay-Semibold.otf */; };
		AD1B32421EC34D2700EB9424 /* SFDisplay-Thin.otf in Resources */ = {isa = PBXBuildFile; fileRef = AD1B322D1EC34D2700EB9424 /* SFDisplay-Thin.otf */; };
		AD1B32431EC34D2700EB9424 /* SFDisplay-Ultralight.otf in Resources */ = {isa = PBXBuildFile; fileRef = AD1B322E1EC34D2700EB9424 /* SFDisplay-Ultralight.otf */; };
		AD1B32441EC34D2700EB9424 /* SFText-Bold.otf in Resources */ = {isa = PBXBuildFile; fileRef = AD1B322F1EC34D2700EB9424 /* SFText-Bold.otf */; };
		AD1B32451EC34D2700EB9424 /* SFText-BoldItalic.otf in Resources */ = {isa = PBXBuildFile; fileRef = AD1B32301EC34D2700EB9424 /* SFText-BoldItalic.otf */; };
		AD1B32461EC34D2700EB9424 /* SFText-Heavy.otf in Resources */ = {isa = PBXBuildFile; fileRef = AD1B32311EC34D2700EB9424 /* SFText-Heavy.otf */; };
		AD1B32471EC34D2700EB9424 /* SFText-HeavyItalic.otf in Resources */ = {isa = PBXBuildFile; fileRef = AD1B32321EC34D2700EB9424 /* SFText-HeavyItalic.otf */; };
		AD1B32481EC34D2700EB9424 /* SFText-Light.otf in Resources */ = {isa = PBXBuildFile; fileRef = AD1B32331EC34D2700EB9424 /* SFText-Light.otf */; };
		AD1B32491EC34D2700EB9424 /* SFText-LightItalic.otf in Resources */ = {isa = PBXBuildFile; fileRef = AD1B32341EC34D2700EB9424 /* SFText-LightItalic.otf */; };
		AD1B324A1EC34D2700EB9424 /* SFText-Medium.otf in Resources */ = {isa = PBXBuildFile; fileRef = AD1B32351EC34D2700EB9424 /* SFText-Medium.otf */; };
		AD1B324B1EC34D2700EB9424 /* SFText-MediumItalic.otf in Resources */ = {isa = PBXBuildFile; fileRef = AD1B32361EC34D2700EB9424 /* SFText-MediumItalic.otf */; };
		AD1B324C1EC34D2700EB9424 /* SFText-Regular.otf in Resources */ = {isa = PBXBuildFile; fileRef = AD1B32371EC34D2700EB9424 /* SFText-Regular.otf */; };
		AD1B324D1EC34D2700EB9424 /* SFText-RegularItalic.otf in Resources */ = {isa = PBXBuildFile; fileRef = AD1B32381EC34D2700EB9424 /* SFText-RegularItalic.otf */; };
		AD1B324E1EC34D2700EB9424 /* SFText-Semibold.otf in Resources */ = {isa = PBXBuildFile; fileRef = AD1B32391EC34D2700EB9424 /* SFText-Semibold.otf */; };
		AD1B324F1EC34D2700EB9424 /* SFText-SemiboldItalic.otf in Resources */ = {isa = PBXBuildFile; fileRef = AD1B323A1EC34D2700EB9424 /* SFText-SemiboldItalic.otf */; };
		AD29B9051EC5F50600B24A88 /* qrProtocol.swift in Sources */ = {isa = PBXBuildFile; fileRef = AD29B9041EC5F50600B24A88 /* qrProtocol.swift */; };
		AD2A976F1EB7D5A7009FB66D /* BoxDetails_EditVC.swift in Sources */ = {isa = PBXBuildFile; fileRef = AD2A976E1EB7D5A7009FB66D /* BoxDetails_EditVC.swift */; };
		AD2A97721EB8B28D009FB66D /* ModelController.swift in Sources */ = {isa = PBXBuildFile; fileRef = AD2A97711EB8B28D009FB66D /* ModelController.swift */; };
		AD2A97771EB91534009FB66D /* Summary_HeaderView.swift in Sources */ = {isa = PBXBuildFile; fileRef = AD2A97761EB91534009FB66D /* Summary_HeaderView.swift */; };
		AD2A97C81EBB4F02009FB66D /* PDFPreviewVC.swift in Sources */ = {isa = PBXBuildFile; fileRef = AD2A97C61EBB4F02009FB66D /* PDFPreviewVC.swift */; };
		AD2A97C91EBB4F02009FB66D /* PDFPreviewVC.storyboard in Resources */ = {isa = PBXBuildFile; fileRef = AD2A97C71EBB4F02009FB66D /* PDFPreviewVC.storyboard */; };
		AD2A97CE1EBB67D8009FB66D /* MBProgressHUD.m in Sources */ = {isa = PBXBuildFile; fileRef = AD2A97CD1EBB67D8009FB66D /* MBProgressHUD.m */; };
		AD2A97D01EBB84FD009FB66D /* CollectionViewCell.swift in Sources */ = {isa = PBXBuildFile; fileRef = AD2A97CF1EBB84FD009FB66D /* CollectionViewCell.swift */; };
		AD471AA31ED8B3BB00F47F5B /* _boxFeedCell.swift in Sources */ = {isa = PBXBuildFile; fileRef = AD471AA11ED8B3BB00F47F5B /* _boxFeedCell.swift */; };
		AD471AA41ED8B3BB00F47F5B /* _boxFeedCell.xib in Resources */ = {isa = PBXBuildFile; fileRef = AD471AA21ED8B3BB00F47F5B /* _boxFeedCell.xib */; };
		AD471AA61EDA140B00F47F5B /* GradientView.swift in Sources */ = {isa = PBXBuildFile; fileRef = AD471AA51EDA140B00F47F5B /* GradientView.swift */; };
		AD54DD661ED621F40078CF48 /* Popover.swift in Sources */ = {isa = PBXBuildFile; fileRef = AD54DD651ED621F40078CF48 /* Popover.swift */; };
		AD60BFF11E9D28AB005A68B8 /* Assets.xcassets in Resources */ = {isa = PBXBuildFile; fileRef = AD60BFF01E9D28AB005A68B8 /* Assets.xcassets */; };
		AD60BFF41E9D28AB005A68B8 /* LaunchScreen.storyboard in Resources */ = {isa = PBXBuildFile; fileRef = AD60BFF21E9D28AB005A68B8 /* LaunchScreen.storyboard */; };
		AD60C00A1E9D2AD1005A68B8 /* Box.swift in Sources */ = {isa = PBXBuildFile; fileRef = AD60C0031E9D2AD1005A68B8 /* Box.swift */; };
		AD60C00B1E9D2AD1005A68B8 /* Category.swift in Sources */ = {isa = PBXBuildFile; fileRef = AD60C0041E9D2AD1005A68B8 /* Category.swift */; };
		AD60C00C1E9D2AD1005A68B8 /* Color.swift in Sources */ = {isa = PBXBuildFile; fileRef = AD60C0051E9D2AD1005A68B8 /* Color.swift */; };
		AD60C00D1E9D2AD1005A68B8 /* Item.swift in Sources */ = {isa = PBXBuildFile; fileRef = AD60C0061E9D2AD1005A68B8 /* Item.swift */; };
		AD60C00E1E9D2AD1005A68B8 /* Location.swift in Sources */ = {isa = PBXBuildFile; fileRef = AD60C0071E9D2AD1005A68B8 /* Location.swift */; };
		AD60C00F1E9D2AD1005A68B8 /* Status.swift in Sources */ = {isa = PBXBuildFile; fileRef = AD60C0081E9D2AD1005A68B8 /* Status.swift */; };
		AD60C0101E9D2AD1005A68B8 /* User.swift in Sources */ = {isa = PBXBuildFile; fileRef = AD60C0091E9D2AD1005A68B8 /* User.swift */; };
		AD60C0121E9D2AE4005A68B8 /* SegueHandlerType.swift in Sources */ = {isa = PBXBuildFile; fileRef = AD60C0111E9D2AE4005A68B8 /* SegueHandlerType.swift */; };
		AD60C0141E9D2AEF005A68B8 /* DataService.swift in Sources */ = {isa = PBXBuildFile; fileRef = AD60C0131E9D2AEF005A68B8 /* DataService.swift */; };
		AD60C0181E9D2AFE005A68B8 /* AppDelegate.swift in Sources */ = {isa = PBXBuildFile; fileRef = AD60C0151E9D2AFE005A68B8 /* AppDelegate.swift */; };
		AD60C0191E9D2AFE005A68B8 /* Constants.swift in Sources */ = {isa = PBXBuildFile; fileRef = AD60C0161E9D2AFE005A68B8 /* Constants.swift */; };
		AD60C01A1E9D2AFE005A68B8 /* GoogleService-Info.plist in Resources */ = {isa = PBXBuildFile; fileRef = AD60C0171E9D2AFE005A68B8 /* GoogleService-Info.plist */; };
		AD60C0251E9D2B0A005A68B8 /* BoxCell.swift in Sources */ = {isa = PBXBuildFile; fileRef = AD60C01B1E9D2B0A005A68B8 /* BoxCell.swift */; };
		AD60C0261E9D2B0A005A68B8 /* BoxItemCell.swift in Sources */ = {isa = PBXBuildFile; fileRef = AD60C01C1E9D2B0A005A68B8 /* BoxItemCell.swift */; };
		AD60C0271E9D2B0A005A68B8 /* CategoriesCell.swift in Sources */ = {isa = PBXBuildFile; fileRef = AD60C01D1E9D2B0A005A68B8 /* CategoriesCell.swift */; };
		AD60C0281E9D2B0A005A68B8 /* CategoryPickerCell.swift in Sources */ = {isa = PBXBuildFile; fileRef = AD60C01E1E9D2B0A005A68B8 /* CategoryPickerCell.swift */; };
		AD60C0291E9D2B0A005A68B8 /* ColorCell.swift in Sources */ = {isa = PBXBuildFile; fileRef = AD60C01F1E9D2B0A005A68B8 /* ColorCell.swift */; };
		AD60C02A1E9D2B0A005A68B8 /* ItemCell.swift in Sources */ = {isa = PBXBuildFile; fileRef = AD60C0201E9D2B0A005A68B8 /* ItemCell.swift */; };
		AD60C02B1E9D2B0A005A68B8 /* itemSelectCell.swift in Sources */ = {isa = PBXBuildFile; fileRef = AD60C0211E9D2B0A005A68B8 /* itemSelectCell.swift */; };
		AD60C02C1E9D2B0A005A68B8 /* LocationPickerCell.swift in Sources */ = {isa = PBXBuildFile; fileRef = AD60C0221E9D2B0A005A68B8 /* LocationPickerCell.swift */; };
		AD60C02D1E9D2B0A005A68B8 /* LocationsCell.swift in Sources */ = {isa = PBXBuildFile; fileRef = AD60C0231E9D2B0A005A68B8 /* LocationsCell.swift */; };
		AD60C02E1E9D2B0A005A68B8 /* StatusCell.swift in Sources */ = {isa = PBXBuildFile; fileRef = AD60C0241E9D2B0A005A68B8 /* StatusCell.swift */; };
		AD60C03A1E9D2B15005A68B8 /* RoundLabel.swift in Sources */ = {isa = PBXBuildFile; fileRef = AD60C02F1E9D2B15005A68B8 /* RoundLabel.swift */; };
		AD60C03B1E9D2B15005A68B8 /* EZLoadingActivity.swift in Sources */ = {isa = PBXBuildFile; fileRef = AD60C0301E9D2B15005A68B8 /* EZLoadingActivity.swift */; };
		AD60C03C1E9D2B15005A68B8 /* ItemRoundButton.swift in Sources */ = {isa = PBXBuildFile; fileRef = AD60C0311E9D2B15005A68B8 /* ItemRoundButton.swift */; };
		AD60C03D1E9D2B15005A68B8 /* Info.plist in Resources */ = {isa = PBXBuildFile; fileRef = AD60C0331E9D2B15005A68B8 /* Info.plist */; };
		AD60C03E1E9D2B15005A68B8 /* SCLAlertView.swift in Sources */ = {isa = PBXBuildFile; fileRef = AD60C0341E9D2B15005A68B8 /* SCLAlertView.swift */; };
		AD60C03F1E9D2B15005A68B8 /* SCLExtensions.swift in Sources */ = {isa = PBXBuildFile; fileRef = AD60C0351E9D2B15005A68B8 /* SCLExtensions.swift */; };
		AD60C0401E9D2B15005A68B8 /* SevenSwitch.swift in Sources */ = {isa = PBXBuildFile; fileRef = AD60C0361E9D2B15005A68B8 /* SevenSwitch.swift */; };
		AD60C0421E9D2B15005A68B8 /* Styled_Picker.swift in Sources */ = {isa = PBXBuildFile; fileRef = AD60C0381E9D2B15005A68B8 /* Styled_Picker.swift */; };
		AD60C0431E9D2B15005A68B8 /* Styled_View.swift in Sources */ = {isa = PBXBuildFile; fileRef = AD60C0391E9D2B15005A68B8 /* Styled_View.swift */; };
		AD60C0701E9D2B44005A68B8 /* AddItemsToBoxVC.swift in Sources */ = {isa = PBXBuildFile; fileRef = AD60C0451E9D2B44005A68B8 /* AddItemsToBoxVC.swift */; };
		AD60C0711E9D2B44005A68B8 /* BoxDetails.swift in Sources */ = {isa = PBXBuildFile; fileRef = AD60C0471E9D2B44005A68B8 /* BoxDetails.swift */; };
		AD60C0721E9D2B44005A68B8 /* BoxFeedVC.swift in Sources */ = {isa = PBXBuildFile; fileRef = AD60C0491E9D2B44005A68B8 /* BoxFeedVC.swift */; };
		AD60C0731E9D2B44005A68B8 /* BoxItemsVC.swift in Sources */ = {isa = PBXBuildFile; fileRef = AD60C04B1E9D2B44005A68B8 /* BoxItemsVC.swift */; };
		AD60C0751E9D2B44005A68B8 /* CategoryDetailsVC.swift in Sources */ = {isa = PBXBuildFile; fileRef = AD60C04F1E9D2B44005A68B8 /* CategoryDetailsVC.swift */; };
		AD60C0761E9D2B44005A68B8 /* CategoryPicker.swift in Sources */ = {isa = PBXBuildFile; fileRef = AD60C0501E9D2B44005A68B8 /* CategoryPicker.swift */; };
		AD60C0771E9D2B44005A68B8 /* ColorTableVC.swift in Sources */ = {isa = PBXBuildFile; fileRef = AD60C0521E9D2B44005A68B8 /* ColorTableVC.swift */; };
		AD60C0781E9D2B44005A68B8 /* LocationDetailsVC.swift in Sources */ = {isa = PBXBuildFile; fileRef = AD60C0541E9D2B44005A68B8 /* LocationDetailsVC.swift */; };
		AD60C0791E9D2B44005A68B8 /* LocationPickerVC.swift in Sources */ = {isa = PBXBuildFile; fileRef = AD60C0551E9D2B44005A68B8 /* LocationPickerVC.swift */; };
		AD60C07B1E9D2B44005A68B8 /* BoxStatusTableVC.swift in Sources */ = {isa = PBXBuildFile; fileRef = AD60C0581E9D2B44005A68B8 /* BoxStatusTableVC.swift */; };
		AD60C07C1E9D2B44005A68B8 /* ItemDetailsVC.swift in Sources */ = {isa = PBXBuildFile; fileRef = AD60C05A1E9D2B44005A68B8 /* ItemDetailsVC.swift */; };
		AD60C0801E9D2B44005A68B8 /* LoginViewController.swift in Sources */ = {isa = PBXBuildFile; fileRef = AD60C0621E9D2B44005A68B8 /* LoginViewController.swift */; };
		AD60C0811E9D2B44005A68B8 /* ResetPasswordVC.swift in Sources */ = {isa = PBXBuildFile; fileRef = AD60C0641E9D2B44005A68B8 /* ResetPasswordVC.swift */; };
		AD60C0821E9D2B44005A68B8 /* SignUpViewController.swift in Sources */ = {isa = PBXBuildFile; fileRef = AD60C0661E9D2B44005A68B8 /* SignUpViewController.swift */; };
		AD60C0831E9D2B44005A68B8 /* PlayingAroundViewController.swift in Sources */ = {isa = PBXBuildFile; fileRef = AD60C0671E9D2B44005A68B8 /* PlayingAroundViewController.swift */; };
		AD60C0841E9D2B44005A68B8 /* QrCollectionVC.swift in Sources */ = {isa = PBXBuildFile; fileRef = AD60C0691E9D2B44005A68B8 /* QrCollectionVC.swift */; };
		AD60C0851E9D2B44005A68B8 /* qrScannerVC.swift in Sources */ = {isa = PBXBuildFile; fileRef = AD60C06A1E9D2B44005A68B8 /* qrScannerVC.swift */; };
		AD60C0861E9D2B44005A68B8 /* SettingsVC.swift in Sources */ = {isa = PBXBuildFile; fileRef = AD60C06C1E9D2B44005A68B8 /* SettingsVC.swift */; };
		AD60C0871E9D2B44005A68B8 /* WalkThroughContent.swift in Sources */ = {isa = PBXBuildFile; fileRef = AD60C06E1E9D2B44005A68B8 /* WalkThroughContent.swift */; };
		AD60C0881E9D2B44005A68B8 /* WalkThroughPageController.swift in Sources */ = {isa = PBXBuildFile; fileRef = AD60C06F1E9D2B44005A68B8 /* WalkThroughPageController.swift */; };
		AD60C08E1E9D2B5C005A68B8 /* Categories.storyboard in Resources */ = {isa = PBXBuildFile; fileRef = AD60C0891E9D2B5C005A68B8 /* Categories.storyboard */; };
		AD60C08F1E9D2B5C005A68B8 /* Color.storyboard in Resources */ = {isa = PBXBuildFile; fileRef = AD60C08A1E9D2B5C005A68B8 /* Color.storyboard */; };
		AD60C0901E9D2B5C005A68B8 /* Locations.storyboard in Resources */ = {isa = PBXBuildFile; fileRef = AD60C08B1E9D2B5C005A68B8 /* Locations.storyboard */; };
		AD60C0911E9D2B5C005A68B8 /* Main.storyboard in Resources */ = {isa = PBXBuildFile; fileRef = AD60C08C1E9D2B5C005A68B8 /* Main.storyboard */; };
		AD60C0921E9D2B5C005A68B8 /* Status.storyboard in Resources */ = {isa = PBXBuildFile; fileRef = AD60C08D1E9D2B5C005A68B8 /* Status.storyboard */; };
		AD60C09B1E9FF5CF005A68B8 /* PlayingFireBaseTableVC.swift in Sources */ = {isa = PBXBuildFile; fileRef = AD60C09A1E9FF5CF005A68B8 /* PlayingFireBaseTableVC.swift */; };
		AD60C09D1E9FF712005A68B8 /* PlaygroundTableCell.swift in Sources */ = {isa = PBXBuildFile; fileRef = AD60C09C1E9FF712005A68B8 /* PlaygroundTableCell.swift */; };
		AD61C5F61EBD3B7C0083633A /* EmptySegue.swift in Sources */ = {isa = PBXBuildFile; fileRef = AD61C5F01EBD3B7C0083633A /* EmptySegue.swift */; };
		AD61C5FD1EBE116A0083633A /* FirstViewController.swift in Sources */ = {isa = PBXBuildFile; fileRef = AD61C5F91EBE116A0083633A /* FirstViewController.swift */; };
		AD61C5FE1EBE116A0083633A /* SecondViewController.swift in Sources */ = {isa = PBXBuildFile; fileRef = AD61C5FA1EBE116A0083633A /* SecondViewController.swift */; };
		AD61C5FF1EBE116A0083633A /* BoxDetailsMaster.swift in Sources */ = {isa = PBXBuildFile; fileRef = AD61C5FB1EBE116A0083633A /* BoxDetailsMaster.swift */; };
		AD61C6001EBE116A0083633A /* ContainerViewController.swift in Sources */ = {isa = PBXBuildFile; fileRef = AD61C5FC1EBE116A0083633A /* ContainerViewController.swift */; };
		AD61C6021EBE4A0A0083633A /* TabySegmentedControl.swift in Sources */ = {isa = PBXBuildFile; fileRef = AD61C6011EBE4A0A0083633A /* TabySegmentedControl.swift */; };
		AD61C6061EC0DEE70083633A /* NavBarView.swift in Sources */ = {isa = PBXBuildFile; fileRef = AD61C6051EC0DEE70083633A /* NavBarView.swift */; };
		AD6CC7331ED499F8008F5ADE /* AddItemsToBoxCell.swift in Sources */ = {isa = PBXBuildFile; fileRef = AD6CC7321ED499F8008F5ADE /* AddItemsToBoxCell.swift */; };
		AD6CC7361ED49A33008F5ADE /* _itemFeedCell.swift in Sources */ = {isa = PBXBuildFile; fileRef = AD6CC7341ED49A33008F5ADE /* _itemFeedCell.swift */; };
		AD6CC7371ED49A33008F5ADE /* _itemFeedCell.xib in Resources */ = {isa = PBXBuildFile; fileRef = AD6CC7351ED49A33008F5ADE /* _itemFeedCell.xib */; };
		AD6CC7391ED49DE3008F5ADE /* PlayTableViewController.swift in Sources */ = {isa = PBXBuildFile; fileRef = AD6CC7381ED49DE3008F5ADE /* PlayTableViewController.swift */; };
		AD7A1C461EDC85CD00FDDBBF /* OverlayView.swift in Sources */ = {isa = PBXBuildFile; fileRef = AD7A1C441EDC85CD00FDDBBF /* OverlayView.swift */; };
		AD7A1C471EDC85CD00FDDBBF /* OverlayView.xib in Resources */ = {isa = PBXBuildFile; fileRef = AD7A1C451EDC85CD00FDDBBF /* OverlayView.xib */; };
		AD7A1C491EE3360E00FDDBBF /* PopOver_demo_VC.swift in Sources */ = {isa = PBXBuildFile; fileRef = AD7A1C481EE3360E00FDDBBF /* PopOver_demo_VC.swift */; };
		AD7A1C531EE343B200FDDBBF /* TablePopOver.swift in Sources */ = {isa = PBXBuildFile; fileRef = AD7A1C521EE343B200FDDBBF /* TablePopOver.swift */; };
		AD7A1C561EE3486000FDDBBF /* OptionsPopup.swift in Sources */ = {isa = PBXBuildFile; fileRef = AD7A1C551EE3486000FDDBBF /* OptionsPopup.swift */; };
		AD7A1C5A1EE6022500FDDBBF /* RoundTextView.swift in Sources */ = {isa = PBXBuildFile; fileRef = AD7A1C591EE6022500FDDBBF /* RoundTextView.swift */; };
		AD928A9F1ECCFFAC00A7DDF8 /* qrInitialVC.swift in Sources */ = {isa = PBXBuildFile; fileRef = AD928A9E1ECCFFAC00A7DDF8 /* qrInitialVC.swift */; };
		AD93FAEF1EEADF2400DF46CA /* SCLAlertView_Controller.swift in Sources */ = {isa = PBXBuildFile; fileRef = AD93FAEE1EEADF2400DF46CA /* SCLAlertView_Controller.swift */; };
		ADC8886D1EAA90A100205D57 /* ItemImageView.swift in Sources */ = {isa = PBXBuildFile; fileRef = ADC8886C1EAA90A100205D57 /* ItemImageView.swift */; };
		ADE921011ECB351A00464832 /* RootTabBarController.swift in Sources */ = {isa = PBXBuildFile; fileRef = ADE921001ECB351A00464832 /* RootTabBarController.swift */; };
		ADEAF65D1EB2C2390056ACC5 /* RoundView.swift in Sources */ = {isa = PBXBuildFile; fileRef = ADEAF65C1EB2C2390056ACC5 /* RoundView.swift */; };
		ADEFFC9D1ECA6F6700CD0047 /* QR.swift in Sources */ = {isa = PBXBuildFile; fileRef = ADEFFC9C1ECA6F6700CD0047 /* QR.swift */; };
		ADF2E5A21EEB050F00A1BE38 /* SCAlertStrings.swift in Sources */ = {isa = PBXBuildFile; fileRef = ADF2E5A11EEB050F00A1BE38 /* SCAlertStrings.swift */; };
		ADF684131EAAA1FE003009A2 /* expanding.caf in Resources */ = {isa = PBXBuildFile; fileRef = ADF6840C1EAAA1FE003009A2 /* expanding.caf */; };
		ADF684141EAAA1FE003009A2 /* fold.caf in Resources */ = {isa = PBXBuildFile; fileRef = ADF6840D1EAAA1FE003009A2 /* fold.caf */; };
		ADF684151EAAA1FE003009A2 /* selected.caf in Resources */ = {isa = PBXBuildFile; fileRef = ADF6840E1EAAA1FE003009A2 /* selected.caf */; };
		ADF684161EAAA1FE003009A2 /* ExpandingMenuButton.swift in Sources */ = {isa = PBXBuildFile; fileRef = ADF6840F1EAAA1FE003009A2 /* ExpandingMenuButton.swift */; };
		ADF684171EAAA1FE003009A2 /* ExpandingMenuItem.swift in Sources */ = {isa = PBXBuildFile; fileRef = ADF684101EAAA1FE003009A2 /* ExpandingMenuItem.swift */; };
		ADF6E62C1EC4F4D0009532C7 /* ItemFeedVC.swift in Sources */ = {isa = PBXBuildFile; fileRef = ADF6E62B1EC4F4D0009532C7 /* ItemFeedVC.swift */; };
		ADFD6FB81EB66F9D00E76DB2 /* LabelViews.swift in Sources */ = {isa = PBXBuildFile; fileRef = ADFD6FB71EB66F9D00E76DB2 /* LabelViews.swift */; };
		ADFD6FDC1EB777B000E76DB2 /* InternetConnection.swift in Sources */ = {isa = PBXBuildFile; fileRef = ADFD6FDB1EB777B000E76DB2 /* InternetConnection.swift */; };
		ADFD6FE01EB7B12E00E76DB2 /* zzzzBoxDetails_MasterVC.swift in Sources */ = {isa = PBXBuildFile; fileRef = ADFD6FDF1EB7B12E00E76DB2 /* zzzzBoxDetails_MasterVC.swift */; };
		ADFD6FE21EB7B17700E76DB2 /* BoxDetails_SummaryVC.swift in Sources */ = {isa = PBXBuildFile; fileRef = ADFD6FE11EB7B17700E76DB2 /* BoxDetails_SummaryVC.swift */; };
/* End PBXBuildFile section */

/* Begin PBXFileReference section */
		26DD275E742BCE499C8CEDD6 /* Pods-Stuff-It.release.xcconfig */ = {isa = PBXFileReference; includeInIndex = 1; lastKnownFileType = text.xcconfig; name = "Pods-Stuff-It.release.xcconfig"; path = "Pods/Target Support Files/Pods-Stuff-It/Pods-Stuff-It.release.xcconfig"; sourceTree = "<group>"; };
		AD0355641EBCB8B1008C6082 /* RoundCircleButton.swift */ = {isa = PBXFileReference; fileEncoding = 4; lastKnownFileType = sourcecode.swift; path = RoundCircleButton.swift; sourceTree = "<group>"; };
		AD101E3C1ECD08CA00B9DD9B /* DUMBViewController.swift */ = {isa = PBXFileReference; fileEncoding = 4; lastKnownFileType = sourcecode.swift; path = DUMBViewController.swift; sourceTree = "<group>"; };
		AD1B32261EC34D2700EB9424 /* SFDisplay-Black.otf */ = {isa = PBXFileReference; lastKnownFileType = file; path = "SFDisplay-Black.otf"; sourceTree = "<group>"; };
		AD1B32271EC34D2700EB9424 /* SFDisplay-Bold.otf */ = {isa = PBXFileReference; lastKnownFileType = file; path = "SFDisplay-Bold.otf"; sourceTree = "<group>"; };
		AD1B32281EC34D2700EB9424 /* SFDisplay-Heavy.otf */ = {isa = PBXFileReference; lastKnownFileType = file; path = "SFDisplay-Heavy.otf"; sourceTree = "<group>"; };
		AD1B32291EC34D2700EB9424 /* SFDisplay-Light.otf */ = {isa = PBXFileReference; lastKnownFileType = file; path = "SFDisplay-Light.otf"; sourceTree = "<group>"; };
		AD1B322A1EC34D2700EB9424 /* SFDisplay-Medium.otf */ = {isa = PBXFileReference; lastKnownFileType = file; path = "SFDisplay-Medium.otf"; sourceTree = "<group>"; };
		AD1B322B1EC34D2700EB9424 /* SFDisplay-Regular.otf */ = {isa = PBXFileReference; lastKnownFileType = file; path = "SFDisplay-Regular.otf"; sourceTree = "<group>"; };
		AD1B322C1EC34D2700EB9424 /* SFDisplay-Semibold.otf */ = {isa = PBXFileReference; lastKnownFileType = file; path = "SFDisplay-Semibold.otf"; sourceTree = "<group>"; };
		AD1B322D1EC34D2700EB9424 /* SFDisplay-Thin.otf */ = {isa = PBXFileReference; lastKnownFileType = file; path = "SFDisplay-Thin.otf"; sourceTree = "<group>"; };
		AD1B322E1EC34D2700EB9424 /* SFDisplay-Ultralight.otf */ = {isa = PBXFileReference; lastKnownFileType = file; path = "SFDisplay-Ultralight.otf"; sourceTree = "<group>"; };
		AD1B322F1EC34D2700EB9424 /* SFText-Bold.otf */ = {isa = PBXFileReference; lastKnownFileType = file; path = "SFText-Bold.otf"; sourceTree = "<group>"; };
		AD1B32301EC34D2700EB9424 /* SFText-BoldItalic.otf */ = {isa = PBXFileReference; lastKnownFileType = file; path = "SFText-BoldItalic.otf"; sourceTree = "<group>"; };
		AD1B32311EC34D2700EB9424 /* SFText-Heavy.otf */ = {isa = PBXFileReference; lastKnownFileType = file; path = "SFText-Heavy.otf"; sourceTree = "<group>"; };
		AD1B32321EC34D2700EB9424 /* SFText-HeavyItalic.otf */ = {isa = PBXFileReference; lastKnownFileType = file; path = "SFText-HeavyItalic.otf"; sourceTree = "<group>"; };
		AD1B32331EC34D2700EB9424 /* SFText-Light.otf */ = {isa = PBXFileReference; lastKnownFileType = file; path = "SFText-Light.otf"; sourceTree = "<group>"; };
		AD1B32341EC34D2700EB9424 /* SFText-LightItalic.otf */ = {isa = PBXFileReference; lastKnownFileType = file; path = "SFText-LightItalic.otf"; sourceTree = "<group>"; };
		AD1B32351EC34D2700EB9424 /* SFText-Medium.otf */ = {isa = PBXFileReference; lastKnownFileType = file; path = "SFText-Medium.otf"; sourceTree = "<group>"; };
		AD1B32361EC34D2700EB9424 /* SFText-MediumItalic.otf */ = {isa = PBXFileReference; lastKnownFileType = file; path = "SFText-MediumItalic.otf"; sourceTree = "<group>"; };
		AD1B32371EC34D2700EB9424 /* SFText-Regular.otf */ = {isa = PBXFileReference; lastKnownFileType = file; path = "SFText-Regular.otf"; sourceTree = "<group>"; };
		AD1B32381EC34D2700EB9424 /* SFText-RegularItalic.otf */ = {isa = PBXFileReference; lastKnownFileType = file; path = "SFText-RegularItalic.otf"; sourceTree = "<group>"; };
		AD1B32391EC34D2700EB9424 /* SFText-Semibold.otf */ = {isa = PBXFileReference; lastKnownFileType = file; path = "SFText-Semibold.otf"; sourceTree = "<group>"; };
		AD1B323A1EC34D2700EB9424 /* SFText-SemiboldItalic.otf */ = {isa = PBXFileReference; lastKnownFileType = file; path = "SFText-SemiboldItalic.otf"; sourceTree = "<group>"; };
		AD29B9041EC5F50600B24A88 /* qrProtocol.swift */ = {isa = PBXFileReference; fileEncoding = 4; lastKnownFileType = sourcecode.swift; path = qrProtocol.swift; sourceTree = "<group>"; };
		AD2A976E1EB7D5A7009FB66D /* BoxDetails_EditVC.swift */ = {isa = PBXFileReference; fileEncoding = 4; lastKnownFileType = sourcecode.swift; path = BoxDetails_EditVC.swift; sourceTree = "<group>"; };
		AD2A97711EB8B28D009FB66D /* ModelController.swift */ = {isa = PBXFileReference; fileEncoding = 4; lastKnownFileType = sourcecode.swift; path = ModelController.swift; sourceTree = "<group>"; };
		AD2A97761EB91534009FB66D /* Summary_HeaderView.swift */ = {isa = PBXFileReference; fileEncoding = 4; lastKnownFileType = sourcecode.swift; path = Summary_HeaderView.swift; sourceTree = "<group>"; };
		AD2A97C61EBB4F02009FB66D /* PDFPreviewVC.swift */ = {isa = PBXFileReference; fileEncoding = 4; lastKnownFileType = sourcecode.swift; path = PDFPreviewVC.swift; sourceTree = "<group>"; };
		AD2A97C71EBB4F02009FB66D /* PDFPreviewVC.storyboard */ = {isa = PBXFileReference; fileEncoding = 4; lastKnownFileType = file.storyboard; name = PDFPreviewVC.storyboard; path = ../PDFGenerator/PDFPreviewVC.storyboard; sourceTree = "<group>"; };
		AD2A97CB1EBB67D7009FB66D /* Stuff-It-Bridging-Header.h */ = {isa = PBXFileReference; lastKnownFileType = sourcecode.c.h; path = "Stuff-It-Bridging-Header.h"; sourceTree = "<group>"; };
		AD2A97CC1EBB67D8009FB66D /* MBProgressHUD.h */ = {isa = PBXFileReference; fileEncoding = 4; lastKnownFileType = sourcecode.c.h; path = MBProgressHUD.h; sourceTree = "<group>"; };
		AD2A97CD1EBB67D8009FB66D /* MBProgressHUD.m */ = {isa = PBXFileReference; fileEncoding = 4; lastKnownFileType = sourcecode.c.objc; path = MBProgressHUD.m; sourceTree = "<group>"; };
		AD2A97CF1EBB84FD009FB66D /* CollectionViewCell.swift */ = {isa = PBXFileReference; fileEncoding = 4; lastKnownFileType = sourcecode.swift; path = CollectionViewCell.swift; sourceTree = "<group>"; };
		AD471AA11ED8B3BB00F47F5B /* _boxFeedCell.swift */ = {isa = PBXFileReference; fileEncoding = 4; lastKnownFileType = sourcecode.swift; path = _boxFeedCell.swift; sourceTree = "<group>"; };
		AD471AA21ED8B3BB00F47F5B /* _boxFeedCell.xib */ = {isa = PBXFileReference; fileEncoding = 4; lastKnownFileType = file.xib; path = _boxFeedCell.xib; sourceTree = "<group>"; };
		AD471AA51EDA140B00F47F5B /* GradientView.swift */ = {isa = PBXFileReference; fileEncoding = 4; lastKnownFileType = sourcecode.swift; path = GradientView.swift; sourceTree = "<group>"; };
		AD54DD651ED621F40078CF48 /* Popover.swift */ = {isa = PBXFileReference; fileEncoding = 4; lastKnownFileType = sourcecode.swift; path = Popover.swift; sourceTree = "<group>"; };
		AD60BFE61E9D28AB005A68B8 /* Stuff-It.app */ = {isa = PBXFileReference; explicitFileType = wrapper.application; includeInIndex = 0; path = "Stuff-It.app"; sourceTree = BUILT_PRODUCTS_DIR; };
		AD60BFF01E9D28AB005A68B8 /* Assets.xcassets */ = {isa = PBXFileReference; lastKnownFileType = folder.assetcatalog; path = Assets.xcassets; sourceTree = "<group>"; };
		AD60BFF31E9D28AB005A68B8 /* Base */ = {isa = PBXFileReference; lastKnownFileType = file.storyboard; name = Base; path = Base.lproj/LaunchScreen.storyboard; sourceTree = "<group>"; };
		AD60BFF51E9D28AB005A68B8 /* Info.plist */ = {isa = PBXFileReference; lastKnownFileType = text.plist.xml; path = Info.plist; sourceTree = "<group>"; };
		AD60C0031E9D2AD1005A68B8 /* Box.swift */ = {isa = PBXFileReference; fileEncoding = 4; lastKnownFileType = sourcecode.swift; path = Box.swift; sourceTree = "<group>"; };
		AD60C0041E9D2AD1005A68B8 /* Category.swift */ = {isa = PBXFileReference; fileEncoding = 4; lastKnownFileType = sourcecode.swift; path = Category.swift; sourceTree = "<group>"; };
		AD60C0051E9D2AD1005A68B8 /* Color.swift */ = {isa = PBXFileReference; fileEncoding = 4; lastKnownFileType = sourcecode.swift; path = Color.swift; sourceTree = "<group>"; };
		AD60C0061E9D2AD1005A68B8 /* Item.swift */ = {isa = PBXFileReference; fileEncoding = 4; lastKnownFileType = sourcecode.swift; path = Item.swift; sourceTree = "<group>"; };
		AD60C0071E9D2AD1005A68B8 /* Location.swift */ = {isa = PBXFileReference; fileEncoding = 4; lastKnownFileType = sourcecode.swift; path = Location.swift; sourceTree = "<group>"; };
		AD60C0081E9D2AD1005A68B8 /* Status.swift */ = {isa = PBXFileReference; fileEncoding = 4; lastKnownFileType = sourcecode.swift; path = Status.swift; sourceTree = "<group>"; };
		AD60C0091E9D2AD1005A68B8 /* User.swift */ = {isa = PBXFileReference; fileEncoding = 4; lastKnownFileType = sourcecode.swift; path = User.swift; sourceTree = "<group>"; };
		AD60C0111E9D2AE4005A68B8 /* SegueHandlerType.swift */ = {isa = PBXFileReference; fileEncoding = 4; lastKnownFileType = sourcecode.swift; path = SegueHandlerType.swift; sourceTree = "<group>"; };
		AD60C0131E9D2AEF005A68B8 /* DataService.swift */ = {isa = PBXFileReference; fileEncoding = 4; lastKnownFileType = sourcecode.swift; path = DataService.swift; sourceTree = "<group>"; };
		AD60C0151E9D2AFE005A68B8 /* AppDelegate.swift */ = {isa = PBXFileReference; fileEncoding = 4; lastKnownFileType = sourcecode.swift; path = AppDelegate.swift; sourceTree = "<group>"; };
		AD60C0161E9D2AFE005A68B8 /* Constants.swift */ = {isa = PBXFileReference; fileEncoding = 4; lastKnownFileType = sourcecode.swift; path = Constants.swift; sourceTree = "<group>"; };
		AD60C0171E9D2AFE005A68B8 /* GoogleService-Info.plist */ = {isa = PBXFileReference; fileEncoding = 4; lastKnownFileType = text.plist.xml; path = "GoogleService-Info.plist"; sourceTree = "<group>"; };
		AD60C01B1E9D2B0A005A68B8 /* BoxCell.swift */ = {isa = PBXFileReference; fileEncoding = 4; lastKnownFileType = sourcecode.swift; path = BoxCell.swift; sourceTree = "<group>"; };
		AD60C01C1E9D2B0A005A68B8 /* BoxItemCell.swift */ = {isa = PBXFileReference; fileEncoding = 4; lastKnownFileType = sourcecode.swift; path = BoxItemCell.swift; sourceTree = "<group>"; };
		AD60C01D1E9D2B0A005A68B8 /* CategoriesCell.swift */ = {isa = PBXFileReference; fileEncoding = 4; lastKnownFileType = sourcecode.swift; path = CategoriesCell.swift; sourceTree = "<group>"; };
		AD60C01E1E9D2B0A005A68B8 /* CategoryPickerCell.swift */ = {isa = PBXFileReference; fileEncoding = 4; lastKnownFileType = sourcecode.swift; path = CategoryPickerCell.swift; sourceTree = "<group>"; };
		AD60C01F1E9D2B0A005A68B8 /* ColorCell.swift */ = {isa = PBXFileReference; fileEncoding = 4; lastKnownFileType = sourcecode.swift; path = ColorCell.swift; sourceTree = "<group>"; };
		AD60C0201E9D2B0A005A68B8 /* ItemCell.swift */ = {isa = PBXFileReference; fileEncoding = 4; lastKnownFileType = sourcecode.swift; path = ItemCell.swift; sourceTree = "<group>"; };
		AD60C0211E9D2B0A005A68B8 /* itemSelectCell.swift */ = {isa = PBXFileReference; fileEncoding = 4; lastKnownFileType = sourcecode.swift; path = itemSelectCell.swift; sourceTree = "<group>"; };
		AD60C0221E9D2B0A005A68B8 /* LocationPickerCell.swift */ = {isa = PBXFileReference; fileEncoding = 4; lastKnownFileType = sourcecode.swift; path = LocationPickerCell.swift; sourceTree = "<group>"; };
		AD60C0231E9D2B0A005A68B8 /* LocationsCell.swift */ = {isa = PBXFileReference; fileEncoding = 4; lastKnownFileType = sourcecode.swift; path = LocationsCell.swift; sourceTree = "<group>"; };
		AD60C0241E9D2B0A005A68B8 /* StatusCell.swift */ = {isa = PBXFileReference; fileEncoding = 4; lastKnownFileType = sourcecode.swift; path = StatusCell.swift; sourceTree = "<group>"; };
		AD60C02F1E9D2B15005A68B8 /* RoundLabel.swift */ = {isa = PBXFileReference; fileEncoding = 4; lastKnownFileType = sourcecode.swift; path = RoundLabel.swift; sourceTree = "<group>"; };
		AD60C0301E9D2B15005A68B8 /* EZLoadingActivity.swift */ = {isa = PBXFileReference; fileEncoding = 4; lastKnownFileType = sourcecode.swift; path = EZLoadingActivity.swift; sourceTree = "<group>"; };
		AD60C0311E9D2B15005A68B8 /* ItemRoundButton.swift */ = {isa = PBXFileReference; fileEncoding = 4; lastKnownFileType = sourcecode.swift; path = ItemRoundButton.swift; sourceTree = "<group>"; };
		AD60C0331E9D2B15005A68B8 /* Info.plist */ = {isa = PBXFileReference; fileEncoding = 4; lastKnownFileType = text.plist.xml; path = Info.plist; sourceTree = "<group>"; };
		AD60C0341E9D2B15005A68B8 /* SCLAlertView.swift */ = {isa = PBXFileReference; fileEncoding = 4; lastKnownFileType = sourcecode.swift; path = SCLAlertView.swift; sourceTree = "<group>"; };
		AD60C0351E9D2B15005A68B8 /* SCLExtensions.swift */ = {isa = PBXFileReference; fileEncoding = 4; lastKnownFileType = sourcecode.swift; path = SCLExtensions.swift; sourceTree = "<group>"; };
		AD60C0361E9D2B15005A68B8 /* SevenSwitch.swift */ = {isa = PBXFileReference; fileEncoding = 4; lastKnownFileType = sourcecode.swift; path = SevenSwitch.swift; sourceTree = "<group>"; };
		AD60C0381E9D2B15005A68B8 /* Styled_Picker.swift */ = {isa = PBXFileReference; fileEncoding = 4; lastKnownFileType = sourcecode.swift; path = Styled_Picker.swift; sourceTree = "<group>"; };
		AD60C0391E9D2B15005A68B8 /* Styled_View.swift */ = {isa = PBXFileReference; fileEncoding = 4; lastKnownFileType = sourcecode.swift; path = Styled_View.swift; sourceTree = "<group>"; };
		AD60C0451E9D2B44005A68B8 /* AddItemsToBoxVC.swift */ = {isa = PBXFileReference; fileEncoding = 4; lastKnownFileType = sourcecode.swift; path = AddItemsToBoxVC.swift; sourceTree = "<group>"; };
		AD60C0471E9D2B44005A68B8 /* BoxDetails.swift */ = {isa = PBXFileReference; fileEncoding = 4; lastKnownFileType = sourcecode.swift; path = BoxDetails.swift; sourceTree = "<group>"; };
		AD60C0491E9D2B44005A68B8 /* BoxFeedVC.swift */ = {isa = PBXFileReference; fileEncoding = 4; lastKnownFileType = sourcecode.swift; path = BoxFeedVC.swift; sourceTree = "<group>"; };
		AD60C04B1E9D2B44005A68B8 /* BoxItemsVC.swift */ = {isa = PBXFileReference; fileEncoding = 4; lastKnownFileType = sourcecode.swift; path = BoxItemsVC.swift; sourceTree = "<group>"; };
		AD60C04F1E9D2B44005A68B8 /* CategoryDetailsVC.swift */ = {isa = PBXFileReference; fileEncoding = 4; lastKnownFileType = sourcecode.swift; path = CategoryDetailsVC.swift; sourceTree = "<group>"; };
		AD60C0501E9D2B44005A68B8 /* CategoryPicker.swift */ = {isa = PBXFileReference; fileEncoding = 4; lastKnownFileType = sourcecode.swift; path = CategoryPicker.swift; sourceTree = "<group>"; };
		AD60C0521E9D2B44005A68B8 /* ColorTableVC.swift */ = {isa = PBXFileReference; fileEncoding = 4; lastKnownFileType = sourcecode.swift; path = ColorTableVC.swift; sourceTree = "<group>"; };
		AD60C0541E9D2B44005A68B8 /* LocationDetailsVC.swift */ = {isa = PBXFileReference; fileEncoding = 4; lastKnownFileType = sourcecode.swift; path = LocationDetailsVC.swift; sourceTree = "<group>"; };
		AD60C0551E9D2B44005A68B8 /* LocationPickerVC.swift */ = {isa = PBXFileReference; fileEncoding = 4; lastKnownFileType = sourcecode.swift; path = LocationPickerVC.swift; sourceTree = "<group>"; };
		AD60C0581E9D2B44005A68B8 /* BoxStatusTableVC.swift */ = {isa = PBXFileReference; fileEncoding = 4; lastKnownFileType = sourcecode.swift; path = BoxStatusTableVC.swift; sourceTree = "<group>"; };
		AD60C05A1E9D2B44005A68B8 /* ItemDetailsVC.swift */ = {isa = PBXFileReference; fileEncoding = 4; lastKnownFileType = sourcecode.swift; path = ItemDetailsVC.swift; sourceTree = "<group>"; };
		AD60C0621E9D2B44005A68B8 /* LoginViewController.swift */ = {isa = PBXFileReference; fileEncoding = 4; lastKnownFileType = sourcecode.swift; path = LoginViewController.swift; sourceTree = "<group>"; };
		AD60C0641E9D2B44005A68B8 /* ResetPasswordVC.swift */ = {isa = PBXFileReference; fileEncoding = 4; lastKnownFileType = sourcecode.swift; path = ResetPasswordVC.swift; sourceTree = "<group>"; };
		AD60C0661E9D2B44005A68B8 /* SignUpViewController.swift */ = {isa = PBXFileReference; fileEncoding = 4; lastKnownFileType = sourcecode.swift; path = SignUpViewController.swift; sourceTree = "<group>"; };
		AD60C0671E9D2B44005A68B8 /* PlayingAroundViewController.swift */ = {isa = PBXFileReference; fileEncoding = 4; lastKnownFileType = sourcecode.swift; path = PlayingAroundViewController.swift; sourceTree = "<group>"; };
		AD60C0691E9D2B44005A68B8 /* QrCollectionVC.swift */ = {isa = PBXFileReference; fileEncoding = 4; lastKnownFileType = sourcecode.swift; path = QrCollectionVC.swift; sourceTree = "<group>"; };
		AD60C06A1E9D2B44005A68B8 /* qrScannerVC.swift */ = {isa = PBXFileReference; fileEncoding = 4; lastKnownFileType = sourcecode.swift; path = qrScannerVC.swift; sourceTree = "<group>"; };
		AD60C06C1E9D2B44005A68B8 /* SettingsVC.swift */ = {isa = PBXFileReference; fileEncoding = 4; lastKnownFileType = sourcecode.swift; path = SettingsVC.swift; sourceTree = "<group>"; };
		AD60C06E1E9D2B44005A68B8 /* WalkThroughContent.swift */ = {isa = PBXFileReference; fileEncoding = 4; lastKnownFileType = sourcecode.swift; path = WalkThroughContent.swift; sourceTree = "<group>"; };
		AD60C06F1E9D2B44005A68B8 /* WalkThroughPageController.swift */ = {isa = PBXFileReference; fileEncoding = 4; lastKnownFileType = sourcecode.swift; path = WalkThroughPageController.swift; sourceTree = "<group>"; };
		AD60C0891E9D2B5C005A68B8 /* Categories.storyboard */ = {isa = PBXFileReference; fileEncoding = 4; lastKnownFileType = file.storyboard; path = Categories.storyboard; sourceTree = "<group>"; };
		AD60C08A1E9D2B5C005A68B8 /* Color.storyboard */ = {isa = PBXFileReference; fileEncoding = 4; lastKnownFileType = file.storyboard; path = Color.storyboard; sourceTree = "<group>"; };
		AD60C08B1E9D2B5C005A68B8 /* Locations.storyboard */ = {isa = PBXFileReference; fileEncoding = 4; lastKnownFileType = file.storyboard; path = Locations.storyboard; sourceTree = "<group>"; };
		AD60C08C1E9D2B5C005A68B8 /* Main.storyboard */ = {isa = PBXFileReference; fileEncoding = 4; lastKnownFileType = file.storyboard; path = Main.storyboard; sourceTree = "<group>"; };
		AD60C08D1E9D2B5C005A68B8 /* Status.storyboard */ = {isa = PBXFileReference; fileEncoding = 4; lastKnownFileType = file.storyboard; path = Status.storyboard; sourceTree = "<group>"; };
		AD60C09A1E9FF5CF005A68B8 /* PlayingFireBaseTableVC.swift */ = {isa = PBXFileReference; fileEncoding = 4; lastKnownFileType = sourcecode.swift; path = PlayingFireBaseTableVC.swift; sourceTree = "<group>"; };
		AD60C09C1E9FF712005A68B8 /* PlaygroundTableCell.swift */ = {isa = PBXFileReference; fileEncoding = 4; lastKnownFileType = sourcecode.swift; path = PlaygroundTableCell.swift; sourceTree = "<group>"; };
		AD61C5F01EBD3B7C0083633A /* EmptySegue.swift */ = {isa = PBXFileReference; fileEncoding = 4; lastKnownFileType = sourcecode.swift; name = EmptySegue.swift; path = ../ContainerView/EmptySegue.swift; sourceTree = "<group>"; };
		AD61C5F91EBE116A0083633A /* FirstViewController.swift */ = {isa = PBXFileReference; fileEncoding = 4; lastKnownFileType = sourcecode.swift; path = FirstViewController.swift; sourceTree = "<group>"; };
		AD61C5FA1EBE116A0083633A /* SecondViewController.swift */ = {isa = PBXFileReference; fileEncoding = 4; lastKnownFileType = sourcecode.swift; path = SecondViewController.swift; sourceTree = "<group>"; };
		AD61C5FB1EBE116A0083633A /* BoxDetailsMaster.swift */ = {isa = PBXFileReference; fileEncoding = 4; lastKnownFileType = sourcecode.swift; path = BoxDetailsMaster.swift; sourceTree = "<group>"; };
		AD61C5FC1EBE116A0083633A /* ContainerViewController.swift */ = {isa = PBXFileReference; fileEncoding = 4; lastKnownFileType = sourcecode.swift; path = ContainerViewController.swift; sourceTree = "<group>"; };
		AD61C6011EBE4A0A0083633A /* TabySegmentedControl.swift */ = {isa = PBXFileReference; fileEncoding = 4; lastKnownFileType = sourcecode.swift; path = TabySegmentedControl.swift; sourceTree = "<group>"; };
		AD61C6051EC0DEE70083633A /* NavBarView.swift */ = {isa = PBXFileReference; fileEncoding = 4; lastKnownFileType = sourcecode.swift; path = NavBarView.swift; sourceTree = "<group>"; };
		AD6CC7321ED499F8008F5ADE /* AddItemsToBoxCell.swift */ = {isa = PBXFileReference; fileEncoding = 4; lastKnownFileType = sourcecode.swift; path = AddItemsToBoxCell.swift; sourceTree = "<group>"; };
		AD6CC7341ED49A33008F5ADE /* _itemFeedCell.swift */ = {isa = PBXFileReference; fileEncoding = 4; lastKnownFileType = sourcecode.swift; path = _itemFeedCell.swift; sourceTree = "<group>"; };
		AD6CC7351ED49A33008F5ADE /* _itemFeedCell.xib */ = {isa = PBXFileReference; fileEncoding = 4; lastKnownFileType = file.xib; path = _itemFeedCell.xib; sourceTree = "<group>"; };
		AD6CC7381ED49DE3008F5ADE /* PlayTableViewController.swift */ = {isa = PBXFileReference; fileEncoding = 4; lastKnownFileType = sourcecode.swift; path = PlayTableViewController.swift; sourceTree = "<group>"; };
		AD7A1C441EDC85CD00FDDBBF /* OverlayView.swift */ = {isa = PBXFileReference; fileEncoding = 4; lastKnownFileType = sourcecode.swift; path = OverlayView.swift; sourceTree = "<group>"; };
		AD7A1C451EDC85CD00FDDBBF /* OverlayView.xib */ = {isa = PBXFileReference; fileEncoding = 4; lastKnownFileType = file.xib; path = OverlayView.xib; sourceTree = "<group>"; };
		AD7A1C481EE3360E00FDDBBF /* PopOver_demo_VC.swift */ = {isa = PBXFileReference; fileEncoding = 4; lastKnownFileType = sourcecode.swift; path = PopOver_demo_VC.swift; sourceTree = "<group>"; };
		AD7A1C521EE343B200FDDBBF /* TablePopOver.swift */ = {isa = PBXFileReference; fileEncoding = 4; lastKnownFileType = sourcecode.swift; path = TablePopOver.swift; sourceTree = "<group>"; };
		AD7A1C551EE3486000FDDBBF /* OptionsPopup.swift */ = {isa = PBXFileReference; fileEncoding = 4; lastKnownFileType = sourcecode.swift; path = OptionsPopup.swift; sourceTree = "<group>"; };
		AD7A1C591EE6022500FDDBBF /* RoundTextView.swift */ = {isa = PBXFileReference; fileEncoding = 4; lastKnownFileType = sourcecode.swift; path = RoundTextView.swift; sourceTree = "<group>"; };
		AD928A9E1ECCFFAC00A7DDF8 /* qrInitialVC.swift */ = {isa = PBXFileReference; fileEncoding = 4; lastKnownFileType = sourcecode.swift; path = qrInitialVC.swift; sourceTree = "<group>"; };
		AD93FAEE1EEADF2400DF46CA /* SCLAlertView_Controller.swift */ = {isa = PBXFileReference; fileEncoding = 4; lastKnownFileType = sourcecode.swift; path = SCLAlertView_Controller.swift; sourceTree = "<group>"; };
		ADC8886C1EAA90A100205D57 /* ItemImageView.swift */ = {isa = PBXFileReference; fileEncoding = 4; lastKnownFileType = sourcecode.swift; path = ItemImageView.swift; sourceTree = "<group>"; };
		ADE921001ECB351A00464832 /* RootTabBarController.swift */ = {isa = PBXFileReference; fileEncoding = 4; lastKnownFileType = sourcecode.swift; path = RootTabBarController.swift; sourceTree = "<group>"; };
		ADEAF65C1EB2C2390056ACC5 /* RoundView.swift */ = {isa = PBXFileReference; fileEncoding = 4; lastKnownFileType = sourcecode.swift; path = RoundView.swift; sourceTree = "<group>"; };
		ADEFFC9C1ECA6F6700CD0047 /* QR.swift */ = {isa = PBXFileReference; fileEncoding = 4; lastKnownFileType = sourcecode.swift; path = QR.swift; sourceTree = "<group>"; };
		ADF2E5A11EEB050F00A1BE38 /* SCAlertStrings.swift */ = {isa = PBXFileReference; fileEncoding = 4; lastKnownFileType = sourcecode.swift; path = SCAlertStrings.swift; sourceTree = "<group>"; };
		ADF6840C1EAAA1FE003009A2 /* expanding.caf */ = {isa = PBXFileReference; lastKnownFileType = file; path = expanding.caf; sourceTree = "<group>"; };
		ADF6840D1EAAA1FE003009A2 /* fold.caf */ = {isa = PBXFileReference; lastKnownFileType = file; path = fold.caf; sourceTree = "<group>"; };
		ADF6840E1EAAA1FE003009A2 /* selected.caf */ = {isa = PBXFileReference; lastKnownFileType = file; path = selected.caf; sourceTree = "<group>"; };
		ADF6840F1EAAA1FE003009A2 /* ExpandingMenuButton.swift */ = {isa = PBXFileReference; fileEncoding = 4; lastKnownFileType = sourcecode.swift; path = ExpandingMenuButton.swift; sourceTree = "<group>"; };
		ADF684101EAAA1FE003009A2 /* ExpandingMenuItem.swift */ = {isa = PBXFileReference; fileEncoding = 4; lastKnownFileType = sourcecode.swift; path = ExpandingMenuItem.swift; sourceTree = "<group>"; };
		ADF6E62B1EC4F4D0009532C7 /* ItemFeedVC.swift */ = {isa = PBXFileReference; fileEncoding = 4; lastKnownFileType = sourcecode.swift; path = ItemFeedVC.swift; sourceTree = "<group>"; };
		ADFD6FB71EB66F9D00E76DB2 /* LabelViews.swift */ = {isa = PBXFileReference; fileEncoding = 4; lastKnownFileType = sourcecode.swift; path = LabelViews.swift; sourceTree = "<group>"; };
		ADFD6FDB1EB777B000E76DB2 /* InternetConnection.swift */ = {isa = PBXFileReference; fileEncoding = 4; lastKnownFileType = sourcecode.swift; path = InternetConnection.swift; sourceTree = "<group>"; };
		ADFD6FDF1EB7B12E00E76DB2 /* zzzzBoxDetails_MasterVC.swift */ = {isa = PBXFileReference; fileEncoding = 4; lastKnownFileType = sourcecode.swift; path = zzzzBoxDetails_MasterVC.swift; sourceTree = "<group>"; };
		ADFD6FE11EB7B17700E76DB2 /* BoxDetails_SummaryVC.swift */ = {isa = PBXFileReference; fileEncoding = 4; lastKnownFileType = sourcecode.swift; path = BoxDetails_SummaryVC.swift; sourceTree = "<group>"; };
		BE9386597BBFD8D75A259919 /* Pods_Stuff_It.framework */ = {isa = PBXFileReference; explicitFileType = wrapper.framework; includeInIndex = 0; path = Pods_Stuff_It.framework; sourceTree = BUILT_PRODUCTS_DIR; };
		FB85C3D5F2103B187FEE8310 /* Pods-Stuff-It.debug.xcconfig */ = {isa = PBXFileReference; includeInIndex = 1; lastKnownFileType = text.xcconfig; name = "Pods-Stuff-It.debug.xcconfig"; path = "Pods/Target Support Files/Pods-Stuff-It/Pods-Stuff-It.debug.xcconfig"; sourceTree = "<group>"; };
/* End PBXFileReference section */

/* Begin PBXFrameworksBuildPhase section */
		AD60BFE31E9D28AB005A68B8 /* Frameworks */ = {
			isa = PBXFrameworksBuildPhase;
			buildActionMask = 2147483647;
			files = (
				6E277E0D68A248D0AEB7CBED /* Pods_Stuff_It.framework in Frameworks */,
			);
			runOnlyForDeploymentPostprocessing = 0;
		};
/* End PBXFrameworksBuildPhase section */

/* Begin PBXGroup section */
		82ED2A0FC3739AB2AA6858DD /* Frameworks */ = {
			isa = PBXGroup;
			children = (
				BE9386597BBFD8D75A259919 /* Pods_Stuff_It.framework */,
			);
			name = Frameworks;
			sourceTree = "<group>";
		};
		AD1B32251EC34CC100EB9424 /* Fonts */ = {
			isa = PBXGroup;
			children = (
				AD1B32261EC34D2700EB9424 /* SFDisplay-Black.otf */,
				AD1B32271EC34D2700EB9424 /* SFDisplay-Bold.otf */,
				AD1B32281EC34D2700EB9424 /* SFDisplay-Heavy.otf */,
				AD1B32291EC34D2700EB9424 /* SFDisplay-Light.otf */,
				AD1B322A1EC34D2700EB9424 /* SFDisplay-Medium.otf */,
				AD1B322B1EC34D2700EB9424 /* SFDisplay-Regular.otf */,
				AD1B322C1EC34D2700EB9424 /* SFDisplay-Semibold.otf */,
				AD1B322D1EC34D2700EB9424 /* SFDisplay-Thin.otf */,
				AD1B322E1EC34D2700EB9424 /* SFDisplay-Ultralight.otf */,
				AD1B322F1EC34D2700EB9424 /* SFText-Bold.otf */,
				AD1B32301EC34D2700EB9424 /* SFText-BoldItalic.otf */,
				AD1B32311EC34D2700EB9424 /* SFText-Heavy.otf */,
				AD1B32321EC34D2700EB9424 /* SFText-HeavyItalic.otf */,
				AD1B32331EC34D2700EB9424 /* SFText-Light.otf */,
				AD1B32341EC34D2700EB9424 /* SFText-LightItalic.otf */,
				AD1B32351EC34D2700EB9424 /* SFText-Medium.otf */,
				AD1B32361EC34D2700EB9424 /* SFText-MediumItalic.otf */,
				AD1B32371EC34D2700EB9424 /* SFText-Regular.otf */,
				AD1B32381EC34D2700EB9424 /* SFText-RegularItalic.otf */,
				AD1B32391EC34D2700EB9424 /* SFText-Semibold.otf */,
				AD1B323A1EC34D2700EB9424 /* SFText-SemiboldItalic.otf */,
			);
			path = Fonts;
			sourceTree = "<group>";
		};
		AD2A97701EB8B254009FB66D /* Model Controllers */ = {
			isa = PBXGroup;
			children = (
				AD2A97711EB8B28D009FB66D /* ModelController.swift */,
			);
			name = "Model Controllers";
			path = Models;
			sourceTree = "<group>";
		};
		AD2A97751EB9150D009FB66D /* Summary_View */ = {
			isa = PBXGroup;
			children = (
				AD2A97761EB91534009FB66D /* Summary_HeaderView.swift */,
			);
			name = Summary_View;
			sourceTree = "<group>";
		};
		AD2A97C51EBB4EC1009FB66D /* PDFGen */ = {
			isa = PBXGroup;
			children = (
				AD2A97C61EBB4F02009FB66D /* PDFPreviewVC.swift */,
			);
			name = PDFGen;
			path = PDFGenerator;
			sourceTree = "<group>";
		};
		AD2A97CA1EBB67A5009FB66D /* MBProgressHUD */ = {
			isa = PBXGroup;
			children = (
				AD2A97CC1EBB67D8009FB66D /* MBProgressHUD.h */,
				AD2A97CD1EBB67D8009FB66D /* MBProgressHUD.m */,
				AD2A97CB1EBB67D7009FB66D /* Stuff-It-Bridging-Header.h */,
			);
			path = MBProgressHUD;
			sourceTree = "<group>";
		};
		AD60BFDD1E9D28AB005A68B8 = {
			isa = PBXGroup;
			children = (
				AD60BFE81E9D28AB005A68B8 /* Stuff-It */,
				AD60BFE71E9D28AB005A68B8 /* Products */,
				EDF6BF73F9B758CC368DDF0D /* Pods */,
				82ED2A0FC3739AB2AA6858DD /* Frameworks */,
			);
			sourceTree = "<group>";
		};
		AD60BFE71E9D28AB005A68B8 /* Products */ = {
			isa = PBXGroup;
			children = (
				AD60BFE61E9D28AB005A68B8 /* Stuff-It.app */,
			);
			name = Products;
			sourceTree = "<group>";
		};
		AD60BFE81E9D28AB005A68B8 /* Stuff-It */ = {
			isa = PBXGroup;
			children = (
				AD6CC7301ED478C9008F5ADE /* THE REAL STUFFIT */,
				AD2A97C51EBB4EC1009FB66D /* PDFGen */,
				AD2A97701EB8B254009FB66D /* Model Controllers */,
				AD60BFFC1E9D297F005A68B8 /* Models */,
				AD60BFFD1E9D2982005A68B8 /* Protocols */,
				AD60BFFE1E9D2985005A68B8 /* Services */,
				AD60C0001E9D298A005A68B8 /* Supporting Files */,
				AD60C0011E9D2999005A68B8 /* Table View Cells */,
				AD60BFFB1E9D2973005A68B8 /* Views */,
				AD60C0021E9D299C005A68B8 /* ViewControllers */,
				AD60BFFF1E9D2987005A68B8 /* Storyboards */,
				ADF6840B1EAAA1FE003009A2 /* Sounds */,
				AD60BFF01E9D28AB005A68B8 /* Assets.xcassets */,
				AD60BFF21E9D28AB005A68B8 /* LaunchScreen.storyboard */,
				AD60BFF51E9D28AB005A68B8 /* Info.plist */,
			);
			path = "Stuff-It";
			sourceTree = "<group>";
		};
		AD60BFFB1E9D2973005A68B8 /* Views */ = {
			isa = PBXGroup;
			children = (
				AD7A1C4E1EE3406600FDDBBF /* DLRadioButton */,
				AD7A1C441EDC85CD00FDDBBF /* OverlayView.swift */,
				AD7A1C451EDC85CD00FDDBBF /* OverlayView.xib */,
				AD54DD651ED621F40078CF48 /* Popover.swift */,
				AD2A97CA1EBB67A5009FB66D /* MBProgressHUD */,
				ADF684081EAAA1FE003009A2 /* ExpandingMenu */,
				AD60C02F1E9D2B15005A68B8 /* RoundLabel.swift */,
				AD7A1C591EE6022500FDDBBF /* RoundTextView.swift */,
				AD60C0301E9D2B15005A68B8 /* EZLoadingActivity.swift */,
				AD60C0311E9D2B15005A68B8 /* ItemRoundButton.swift */,
				ADEAF65C1EB2C2390056ACC5 /* RoundView.swift */,
				AD60C0321E9D2B15005A68B8 /* SCLAlertView */,
				AD60C0361E9D2B15005A68B8 /* SevenSwitch.swift */,
				ADFD6FB71EB66F9D00E76DB2 /* LabelViews.swift */,
				AD60C0381E9D2B15005A68B8 /* Styled_Picker.swift */,
				AD60C0391E9D2B15005A68B8 /* Styled_View.swift */,
				ADC8886C1EAA90A100205D57 /* ItemImageView.swift */,
				AD61C6011EBE4A0A0083633A /* TabySegmentedControl.swift */,
				AD0355641EBCB8B1008C6082 /* RoundCircleButton.swift */,
				AD61C6051EC0DEE70083633A /* NavBarView.swift */,
				ADE921001ECB351A00464832 /* RootTabBarController.swift */,
				AD471AA51EDA140B00F47F5B /* GradientView.swift */,
			);
			path = Views;
			sourceTree = "<group>";
		};
		AD60BFFC1E9D297F005A68B8 /* Models */ = {
			isa = PBXGroup;
			children = (
				AD60C0031E9D2AD1005A68B8 /* Box.swift */,
				AD60C0041E9D2AD1005A68B8 /* Category.swift */,
				AD60C0051E9D2AD1005A68B8 /* Color.swift */,
				AD60C0061E9D2AD1005A68B8 /* Item.swift */,
				AD60C0071E9D2AD1005A68B8 /* Location.swift */,
				AD60C0081E9D2AD1005A68B8 /* Status.swift */,
				AD60C0091E9D2AD1005A68B8 /* User.swift */,
				ADEFFC9C1ECA6F6700CD0047 /* QR.swift */,
			);
			path = Models;
			sourceTree = "<group>";
		};
		AD60BFFD1E9D2982005A68B8 /* Protocols */ = {
			isa = PBXGroup;
			children = (
				AD61C5F01EBD3B7C0083633A /* EmptySegue.swift */,
				AD60C0111E9D2AE4005A68B8 /* SegueHandlerType.swift */,
				AD29B9041EC5F50600B24A88 /* qrProtocol.swift */,
			);
			path = Protocols;
			sourceTree = "<group>";
		};
		AD60BFFE1E9D2985005A68B8 /* Services */ = {
			isa = PBXGroup;
			children = (
				AD60C0131E9D2AEF005A68B8 /* DataService.swift */,
				ADFD6FDB1EB777B000E76DB2 /* InternetConnection.swift */,
			);
			path = Services;
			sourceTree = "<group>";
		};
		AD60BFFF1E9D2987005A68B8 /* Storyboards */ = {
			isa = PBXGroup;
			children = (
				AD2A97C71EBB4F02009FB66D /* PDFPreviewVC.storyboard */,
				AD60C0891E9D2B5C005A68B8 /* Categories.storyboard */,
				AD60C08A1E9D2B5C005A68B8 /* Color.storyboard */,
				AD60C08B1E9D2B5C005A68B8 /* Locations.storyboard */,
				AD60C08C1E9D2B5C005A68B8 /* Main.storyboard */,
				AD60C08D1E9D2B5C005A68B8 /* Status.storyboard */,
			);
			path = Storyboards;
			sourceTree = "<group>";
		};
		AD60C0001E9D298A005A68B8 /* Supporting Files */ = {
			isa = PBXGroup;
			children = (
				AD1B32251EC34CC100EB9424 /* Fonts */,
				AD60C0151E9D2AFE005A68B8 /* AppDelegate.swift */,
				AD60C0161E9D2AFE005A68B8 /* Constants.swift */,
				AD60C0171E9D2AFE005A68B8 /* GoogleService-Info.plist */,
			);
			path = "Supporting Files";
			sourceTree = "<group>";
		};
		AD60C0011E9D2999005A68B8 /* Table View Cells */ = {
			isa = PBXGroup;
			children = (
				AD60C01B1E9D2B0A005A68B8 /* BoxCell.swift */,
				AD60C01C1E9D2B0A005A68B8 /* BoxItemCell.swift */,
				AD60C01D1E9D2B0A005A68B8 /* CategoriesCell.swift */,
				AD60C01E1E9D2B0A005A68B8 /* CategoryPickerCell.swift */,
				AD60C01F1E9D2B0A005A68B8 /* ColorCell.swift */,
				AD60C0201E9D2B0A005A68B8 /* ItemCell.swift */,
				AD60C0211E9D2B0A005A68B8 /* itemSelectCell.swift */,
				AD60C0221E9D2B0A005A68B8 /* LocationPickerCell.swift */,
				AD60C0231E9D2B0A005A68B8 /* LocationsCell.swift */,
				AD60C0241E9D2B0A005A68B8 /* StatusCell.swift */,
				AD60C09C1E9FF712005A68B8 /* PlaygroundTableCell.swift */,
				AD6CC7321ED499F8008F5ADE /* AddItemsToBoxCell.swift */,
				AD6CC7341ED49A33008F5ADE /* _itemFeedCell.swift */,
				AD6CC7351ED49A33008F5ADE /* _itemFeedCell.xib */,
				AD471AA11ED8B3BB00F47F5B /* _boxFeedCell.swift */,
				AD471AA21ED8B3BB00F47F5B /* _boxFeedCell.xib */,
			);
			path = "Table View Cells";
			sourceTree = "<group>";
		};
		AD60C0021E9D299C005A68B8 /* ViewControllers */ = {
			isa = PBXGroup;
			children = (
				AD7A1C481EE3360E00FDDBBF /* PopOver_demo_VC.swift */,
				AD60C0441E9D2B44005A68B8 /* AddItemsToBoxVC */,
				AD60C0461E9D2B44005A68B8 /* BoxDetailsVC */,
				AD60C0481E9D2B44005A68B8 /* BoxFeedVC */,
				AD60C04A1E9D2B44005A68B8 /* BoxItemsVC */,
				AD60C04C1E9D2B44005A68B8 /* Item_Box_Options */,
				AD60C0591E9D2B44005A68B8 /* ItemDetailsVC */,
				AD60C05C1E9D2B44005A68B8 /* ItemFeedVC */,
				AD60C0601E9D2B44005A68B8 /* Login_SignUpVC */,
				AD60C0671E9D2B44005A68B8 /* PlayingAroundViewController.swift */,
				AD60C09A1E9FF5CF005A68B8 /* PlayingFireBaseTableVC.swift */,
				AD60C0681E9D2B44005A68B8 /* QRCode */,
				AD60C06B1E9D2B44005A68B8 /* SettingsVC */,
				AD60C06D1E9D2B44005A68B8 /* WalkThrough */,
			);
			path = ViewControllers;
			sourceTree = "<group>";
		};
		AD60C0321E9D2B15005A68B8 /* SCLAlertView */ = {
			isa = PBXGroup;
			children = (
				AD60C0331E9D2B15005A68B8 /* Info.plist */,
				AD60C0341E9D2B15005A68B8 /* SCLAlertView.swift */,
				AD60C0351E9D2B15005A68B8 /* SCLExtensions.swift */,
				AD93FAEE1EEADF2400DF46CA /* SCLAlertView_Controller.swift */,
				ADF2E5A11EEB050F00A1BE38 /* SCAlertStrings.swift */,
			);
			path = SCLAlertView;
			sourceTree = "<group>";
		};
		AD60C0441E9D2B44005A68B8 /* AddItemsToBoxVC */ = {
			isa = PBXGroup;
			children = (
				AD7A1C551EE3486000FDDBBF /* OptionsPopup.swift */,
				AD60C0451E9D2B44005A68B8 /* AddItemsToBoxVC.swift */,
				AD7A1C521EE343B200FDDBBF /* TablePopOver.swift */,
			);
			path = AddItemsToBoxVC;
			sourceTree = "<group>";
		};
		AD60C0461E9D2B44005A68B8 /* BoxDetailsVC */ = {
			isa = PBXGroup;
			children = (
				AD61C5F81EBE114B0083633A /* Container */,
				AD2A97751EB9150D009FB66D /* Summary_View */,
				AD60C0471E9D2B44005A68B8 /* BoxDetails.swift */,
				AD2A976E1EB7D5A7009FB66D /* BoxDetails_EditVC.swift */,
				ADFD6FDF1EB7B12E00E76DB2 /* zzzzBoxDetails_MasterVC.swift */,
				ADFD6FE11EB7B17700E76DB2 /* BoxDetails_SummaryVC.swift */,
			);
			path = BoxDetailsVC;
			sourceTree = "<group>";
		};
		AD60C0481E9D2B44005A68B8 /* BoxFeedVC */ = {
			isa = PBXGroup;
			children = (
				AD60C0491E9D2B44005A68B8 /* BoxFeedVC.swift */,
			);
			path = BoxFeedVC;
			sourceTree = "<group>";
		};
		AD60C04A1E9D2B44005A68B8 /* BoxItemsVC */ = {
			isa = PBXGroup;
			children = (
				AD60C04B1E9D2B44005A68B8 /* BoxItemsVC.swift */,
			);
			path = BoxItemsVC;
			sourceTree = "<group>";
		};
		AD60C04C1E9D2B44005A68B8 /* Item_Box_Options */ = {
			isa = PBXGroup;
			children = (
				AD60C04D1E9D2B44005A68B8 /* CategoryVC */,
				AD60C0511E9D2B44005A68B8 /* ColorVC */,
				AD60C0531E9D2B44005A68B8 /* Locations */,
				AD60C0571E9D2B44005A68B8 /* StatusVC */,
			);
			path = Item_Box_Options;
			sourceTree = "<group>";
		};
		AD60C04D1E9D2B44005A68B8 /* CategoryVC */ = {
			isa = PBXGroup;
			children = (
				AD60C04F1E9D2B44005A68B8 /* CategoryDetailsVC.swift */,
				AD60C0501E9D2B44005A68B8 /* CategoryPicker.swift */,
			);
			path = CategoryVC;
			sourceTree = "<group>";
		};
		AD60C0511E9D2B44005A68B8 /* ColorVC */ = {
			isa = PBXGroup;
			children = (
				AD60C0521E9D2B44005A68B8 /* ColorTableVC.swift */,
			);
			path = ColorVC;
			sourceTree = "<group>";
		};
		AD60C0531E9D2B44005A68B8 /* Locations */ = {
			isa = PBXGroup;
			children = (
				AD60C0541E9D2B44005A68B8 /* LocationDetailsVC.swift */,
				AD60C0551E9D2B44005A68B8 /* LocationPickerVC.swift */,
			);
			path = Locations;
			sourceTree = "<group>";
		};
		AD60C0571E9D2B44005A68B8 /* StatusVC */ = {
			isa = PBXGroup;
			children = (
				AD60C0581E9D2B44005A68B8 /* BoxStatusTableVC.swift */,
			);
			path = StatusVC;
			sourceTree = "<group>";
		};
		AD60C0591E9D2B44005A68B8 /* ItemDetailsVC */ = {
			isa = PBXGroup;
			children = (
				AD60C05A1E9D2B44005A68B8 /* ItemDetailsVC.swift */,
			);
			path = ItemDetailsVC;
			sourceTree = "<group>";
		};
		AD60C05C1E9D2B44005A68B8 /* ItemFeedVC */ = {
			isa = PBXGroup;
			children = (
				ADF6E62B1EC4F4D0009532C7 /* ItemFeedVC.swift */,
			);
			path = ItemFeedVC;
			sourceTree = "<group>";
		};
		AD60C0601E9D2B44005A68B8 /* Login_SignUpVC */ = {
			isa = PBXGroup;
			children = (
				AD60C0611E9D2B44005A68B8 /* LoginVC */,
				AD60C0631E9D2B44005A68B8 /* ResetPwVC */,
				AD60C0651E9D2B44005A68B8 /* SignUpVC */,
				AD6CC7381ED49DE3008F5ADE /* PlayTableViewController.swift */,
			);
			path = Login_SignUpVC;
			sourceTree = "<group>";
		};
		AD60C0611E9D2B44005A68B8 /* LoginVC */ = {
			isa = PBXGroup;
			children = (
				AD60C0621E9D2B44005A68B8 /* LoginViewController.swift */,
			);
			path = LoginVC;
			sourceTree = "<group>";
		};
		AD60C0631E9D2B44005A68B8 /* ResetPwVC */ = {
			isa = PBXGroup;
			children = (
				AD60C0641E9D2B44005A68B8 /* ResetPasswordVC.swift */,
			);
			path = ResetPwVC;
			sourceTree = "<group>";
		};
		AD60C0651E9D2B44005A68B8 /* SignUpVC */ = {
			isa = PBXGroup;
			children = (
				AD60C0661E9D2B44005A68B8 /* SignUpViewController.swift */,
			);
			path = SignUpVC;
			sourceTree = "<group>";
		};
		AD60C0681E9D2B44005A68B8 /* QRCode */ = {
			isa = PBXGroup;
			children = (
				AD2A97CF1EBB84FD009FB66D /* CollectionViewCell.swift */,
				AD60C0691E9D2B44005A68B8 /* QrCollectionVC.swift */,
				AD60C06A1E9D2B44005A68B8 /* qrScannerVC.swift */,
				AD928A9E1ECCFFAC00A7DDF8 /* qrInitialVC.swift */,
				AD101E3C1ECD08CA00B9DD9B /* DUMBViewController.swift */,
			);
			path = QRCode;
			sourceTree = "<group>";
		};
		AD60C06B1E9D2B44005A68B8 /* SettingsVC */ = {
			isa = PBXGroup;
			children = (
				AD60C06C1E9D2B44005A68B8 /* SettingsVC.swift */,
			);
			path = SettingsVC;
			sourceTree = "<group>";
		};
		AD60C06D1E9D2B44005A68B8 /* WalkThrough */ = {
			isa = PBXGroup;
			children = (
				AD60C06E1E9D2B44005A68B8 /* WalkThroughContent.swift */,
				AD60C06F1E9D2B44005A68B8 /* WalkThroughPageController.swift */,
			);
			path = WalkThrough;
			sourceTree = "<group>";
		};
		AD61C5F81EBE114B0083633A /* Container */ = {
			isa = PBXGroup;
			children = (
				AD61C5F91EBE116A0083633A /* FirstViewController.swift */,
				AD61C5FA1EBE116A0083633A /* SecondViewController.swift */,
				AD61C5FB1EBE116A0083633A /* BoxDetailsMaster.swift */,
				AD61C5FC1EBE116A0083633A /* ContainerViewController.swift */,
			);
			path = Container;
			sourceTree = "<group>";
		};
		AD6CC7301ED478C9008F5ADE /* THE REAL STUFFIT */ = {
			isa = PBXGroup;
			children = (
			);
			name = "THE REAL STUFFIT";
			sourceTree = "<group>";
		};
		AD7A1C4E1EE3406600FDDBBF /* DLRadioButton */ = {
			isa = PBXGroup;
			children = (
			);
			name = DLRadioButton;
			sourceTree = "<group>";
		};
		ADF684081EAAA1FE003009A2 /* ExpandingMenu */ = {
			isa = PBXGroup;
			children = (
				ADF6840F1EAAA1FE003009A2 /* ExpandingMenuButton.swift */,
				ADF684101EAAA1FE003009A2 /* ExpandingMenuItem.swift */,
			);
			path = ExpandingMenu;
			sourceTree = "<group>";
		};
		ADF6840B1EAAA1FE003009A2 /* Sounds */ = {
			isa = PBXGroup;
			children = (
				ADF6840C1EAAA1FE003009A2 /* expanding.caf */,
				ADF6840D1EAAA1FE003009A2 /* fold.caf */,
				ADF6840E1EAAA1FE003009A2 /* selected.caf */,
			);
			name = Sounds;
			path = Views/ExpandingMenu/ExpandingMenu/Assets/Sounds;
			sourceTree = "<group>";
		};
		EDF6BF73F9B758CC368DDF0D /* Pods */ = {
			isa = PBXGroup;
			children = (
				FB85C3D5F2103B187FEE8310 /* Pods-Stuff-It.debug.xcconfig */,
				26DD275E742BCE499C8CEDD6 /* Pods-Stuff-It.release.xcconfig */,
			);
			name = Pods;
			sourceTree = "<group>";
		};
/* End PBXGroup section */

/* Begin PBXNativeTarget section */
		AD60BFE51E9D28AB005A68B8 /* Stuff-It */ = {
			isa = PBXNativeTarget;
			buildConfigurationList = AD60BFF81E9D28AB005A68B8 /* Build configuration list for PBXNativeTarget "Stuff-It" */;
			buildPhases = (
				AE5E6AFE58A619D62F3F6C23 /* [CP] Check Pods Manifest.lock */,
				AD60BFE21E9D28AB005A68B8 /* Sources */,
				AD60BFE31E9D28AB005A68B8 /* Frameworks */,
				AD60BFE41E9D28AB005A68B8 /* Resources */,
				6F184783F57ADCD5D2DE5A2D /* [CP] Embed Pods Frameworks */,
				5DB717DE716DDA24FA36F3FC /* [CP] Copy Pods Resources */,
			);
			buildRules = (
			);
			dependencies = (
			);
			name = "Stuff-It";
			productName = "Stuff-It";
			productReference = AD60BFE61E9D28AB005A68B8 /* Stuff-It.app */;
			productType = "com.apple.product-type.application";
		};
/* End PBXNativeTarget section */

/* Begin PBXProject section */
		AD60BFDE1E9D28AB005A68B8 /* Project object */ = {
			isa = PBXProject;
			attributes = {
				LastSwiftUpdateCheck = 0820;
				LastUpgradeCheck = 0830;
				ORGANIZATIONNAME = Microideas;
				TargetAttributes = {
					AD60BFE51E9D28AB005A68B8 = {
						CreatedOnToolsVersion = 8.2.1;
						DevelopmentTeam = 2F3H857UKN;
						LastSwiftMigration = 0830;
						ProvisioningStyle = Automatic;
					};
				};
			};
			buildConfigurationList = AD60BFE11E9D28AB005A68B8 /* Build configuration list for PBXProject "Stuff-It" */;
			compatibilityVersion = "Xcode 3.2";
			developmentRegion = English;
			hasScannedForEncodings = 0;
			knownRegions = (
				en,
				Base,
			);
			mainGroup = AD60BFDD1E9D28AB005A68B8;
			productRefGroup = AD60BFE71E9D28AB005A68B8 /* Products */;
			projectDirPath = "";
			projectRoot = "";
			targets = (
				AD60BFE51E9D28AB005A68B8 /* Stuff-It */,
			);
		};
/* End PBXProject section */

/* Begin PBXResourcesBuildPhase section */
		AD60BFE41E9D28AB005A68B8 /* Resources */ = {
			isa = PBXResourcesBuildPhase;
			buildActionMask = 2147483647;
			files = (
				AD60BFF41E9D28AB005A68B8 /* LaunchScreen.storyboard in Resources */,
				AD2A97C91EBB4F02009FB66D /* PDFPreviewVC.storyboard in Resources */,
				AD1B324D1EC34D2700EB9424 /* SFText-RegularItalic.otf in Resources */,
				ADF684151EAAA1FE003009A2 /* selected.caf in Resources */,
				AD1B323D1EC34D2700EB9424 /* SFDisplay-Heavy.otf in Resources */,
				AD1B32421EC34D2700EB9424 /* SFDisplay-Thin.otf in Resources */,
				ADF684131EAAA1FE003009A2 /* expanding.caf in Resources */,
				AD1B32451EC34D2700EB9424 /* SFText-BoldItalic.otf in Resources */,
				AD7A1C471EDC85CD00FDDBBF /* OverlayView.xib in Resources */,
				AD1B324E1EC34D2700EB9424 /* SFText-Semibold.otf in Resources */,
				AD471AA41ED8B3BB00F47F5B /* _boxFeedCell.xib in Resources */,
				AD60C01A1E9D2AFE005A68B8 /* GoogleService-Info.plist in Resources */,
				AD1B32431EC34D2700EB9424 /* SFDisplay-Ultralight.otf in Resources */,
				AD60C0921E9D2B5C005A68B8 /* Status.storyboard in Resources */,
				AD1B323E1EC34D2700EB9424 /* SFDisplay-Light.otf in Resources */,
				AD1B323C1EC34D2700EB9424 /* SFDisplay-Bold.otf in Resources */,
				AD60C08F1E9D2B5C005A68B8 /* Color.storyboard in Resources */,
				AD1B324C1EC34D2700EB9424 /* SFText-Regular.otf in Resources */,
				AD1B32461EC34D2700EB9424 /* SFText-Heavy.otf in Resources */,
				AD60BFF11E9D28AB005A68B8 /* Assets.xcassets in Resources */,
				AD6CC7371ED49A33008F5ADE /* _itemFeedCell.xib in Resources */,
				AD1B324A1EC34D2700EB9424 /* SFText-Medium.otf in Resources */,
				AD60C03D1E9D2B15005A68B8 /* Info.plist in Resources */,
				AD1B32411EC34D2700EB9424 /* SFDisplay-Semibold.otf in Resources */,
				AD1B32471EC34D2700EB9424 /* SFText-HeavyItalic.otf in Resources */,
				AD1B32481EC34D2700EB9424 /* SFText-Light.otf in Resources */,
				AD1B32441EC34D2700EB9424 /* SFText-Bold.otf in Resources */,
				AD1B324F1EC34D2700EB9424 /* SFText-SemiboldItalic.otf in Resources */,
				ADF684141EAAA1FE003009A2 /* fold.caf in Resources */,
				AD60C08E1E9D2B5C005A68B8 /* Categories.storyboard in Resources */,
				AD1B32491EC34D2700EB9424 /* SFText-LightItalic.otf in Resources */,
				AD1B324B1EC34D2700EB9424 /* SFText-MediumItalic.otf in Resources */,
				AD1B323F1EC34D2700EB9424 /* SFDisplay-Medium.otf in Resources */,
				AD1B323B1EC34D2700EB9424 /* SFDisplay-Black.otf in Resources */,
				AD1B32401EC34D2700EB9424 /* SFDisplay-Regular.otf in Resources */,
				AD60C0911E9D2B5C005A68B8 /* Main.storyboard in Resources */,
				AD60C0901E9D2B5C005A68B8 /* Locations.storyboard in Resources */,
			);
			runOnlyForDeploymentPostprocessing = 0;
		};
/* End PBXResourcesBuildPhase section */

/* Begin PBXShellScriptBuildPhase section */
		5DB717DE716DDA24FA36F3FC /* [CP] Copy Pods Resources */ = {
			isa = PBXShellScriptBuildPhase;
			buildActionMask = 2147483647;
			files = (
			);
			inputPaths = (
			);
			name = "[CP] Copy Pods Resources";
			outputPaths = (
			);
			runOnlyForDeploymentPostprocessing = 0;
			shellPath = /bin/sh;
			shellScript = "\"${SRCROOT}/Pods/Target Support Files/Pods-Stuff-It/Pods-Stuff-It-resources.sh\"\n";
			showEnvVarsInLog = 0;
		};
		6F184783F57ADCD5D2DE5A2D /* [CP] Embed Pods Frameworks */ = {
			isa = PBXShellScriptBuildPhase;
			buildActionMask = 2147483647;
			files = (
			);
			inputPaths = (
			);
			name = "[CP] Embed Pods Frameworks";
			outputPaths = (
			);
			runOnlyForDeploymentPostprocessing = 0;
			shellPath = /bin/sh;
			shellScript = "\"${SRCROOT}/Pods/Target Support Files/Pods-Stuff-It/Pods-Stuff-It-frameworks.sh\"\n";
			showEnvVarsInLog = 0;
		};
		AE5E6AFE58A619D62F3F6C23 /* [CP] Check Pods Manifest.lock */ = {
			isa = PBXShellScriptBuildPhase;
			buildActionMask = 2147483647;
			files = (
			);
			inputPaths = (
			);
			name = "[CP] Check Pods Manifest.lock";
			outputPaths = (
			);
			runOnlyForDeploymentPostprocessing = 0;
			shellPath = /bin/sh;
			shellScript = "diff \"${PODS_ROOT}/../Podfile.lock\" \"${PODS_ROOT}/Manifest.lock\" > /dev/null\nif [ $? != 0 ] ; then\n    # print error to STDERR\n    echo \"error: The sandbox is not in sync with the Podfile.lock. Run 'pod install' or update your CocoaPods installation.\" >&2\n    exit 1\nfi\n";
			showEnvVarsInLog = 0;
		};
/* End PBXShellScriptBuildPhase section */

/* Begin PBXSourcesBuildPhase section */
		AD60BFE21E9D28AB005A68B8 /* Sources */ = {
			isa = PBXSourcesBuildPhase;
			buildActionMask = 2147483647;
			files = (
				AD29B9051EC5F50600B24A88 /* qrProtocol.swift in Sources */,
				ADE921011ECB351A00464832 /* RootTabBarController.swift in Sources */,
				ADFD6FE21EB7B17700E76DB2 /* BoxDetails_SummaryVC.swift in Sources */,
				AD60C0181E9D2AFE005A68B8 /* AppDelegate.swift in Sources */,
				AD2A97D01EBB84FD009FB66D /* CollectionViewCell.swift in Sources */,
				AD61C6001EBE116A0083633A /* ContainerViewController.swift in Sources */,
				ADFD6FE01EB7B12E00E76DB2 /* zzzzBoxDetails_MasterVC.swift in Sources */,
				AD60C0811E9D2B44005A68B8 /* ResetPasswordVC.swift in Sources */,
				AD60C03A1E9D2B15005A68B8 /* RoundLabel.swift in Sources */,
				AD2A97721EB8B28D009FB66D /* ModelController.swift in Sources */,
				AD60C03B1E9D2B15005A68B8 /* EZLoadingActivity.swift in Sources */,
				AD60C0881E9D2B44005A68B8 /* WalkThroughPageController.swift in Sources */,
				AD61C5FE1EBE116A0083633A /* SecondViewController.swift in Sources */,
				AD61C5FD1EBE116A0083633A /* FirstViewController.swift in Sources */,
				AD928A9F1ECCFFAC00A7DDF8 /* qrInitialVC.swift in Sources */,
				AD60C0261E9D2B0A005A68B8 /* BoxItemCell.swift in Sources */,
				AD7A1C491EE3360E00FDDBBF /* PopOver_demo_VC.swift in Sources */,
				AD61C6021EBE4A0A0083633A /* TabySegmentedControl.swift in Sources */,
				ADF684171EAAA1FE003009A2 /* ExpandingMenuItem.swift in Sources */,
				AD60C03E1E9D2B15005A68B8 /* SCLAlertView.swift in Sources */,
				AD2A97CE1EBB67D8009FB66D /* MBProgressHUD.m in Sources */,
				AD93FAEF1EEADF2400DF46CA /* SCLAlertView_Controller.swift in Sources */,
				AD60C0751E9D2B44005A68B8 /* CategoryDetailsVC.swift in Sources */,
				AD60C00A1E9D2AD1005A68B8 /* Box.swift in Sources */,
				AD2A97771EB91534009FB66D /* Summary_HeaderView.swift in Sources */,
				AD60C03F1E9D2B15005A68B8 /* SCLExtensions.swift in Sources */,
				AD60C0871E9D2B44005A68B8 /* WalkThroughContent.swift in Sources */,
				AD61C6061EC0DEE70083633A /* NavBarView.swift in Sources */,
				AD7A1C531EE343B200FDDBBF /* TablePopOver.swift in Sources */,
				AD60C0271E9D2B0A005A68B8 /* CategoriesCell.swift in Sources */,
				ADF684161EAAA1FE003009A2 /* ExpandingMenuButton.swift in Sources */,
				AD60C0801E9D2B44005A68B8 /* LoginViewController.swift in Sources */,
				AD6CC7361ED49A33008F5ADE /* _itemFeedCell.swift in Sources */,
				AD60C02D1E9D2B0A005A68B8 /* LocationsCell.swift in Sources */,
				AD2A97C81EBB4F02009FB66D /* PDFPreviewVC.swift in Sources */,
				AD60C09D1E9FF712005A68B8 /* PlaygroundTableCell.swift in Sources */,
				AD471AA31ED8B3BB00F47F5B /* _boxFeedCell.swift in Sources */,
				AD60C0421E9D2B15005A68B8 /* Styled_Picker.swift in Sources */,
				AD60C0841E9D2B44005A68B8 /* QrCollectionVC.swift in Sources */,
				ADFD6FB81EB66F9D00E76DB2 /* LabelViews.swift in Sources */,
				AD60C03C1E9D2B15005A68B8 /* ItemRoundButton.swift in Sources */,
				ADFD6FDC1EB777B000E76DB2 /* InternetConnection.swift in Sources */,
				AD60C02A1E9D2B0A005A68B8 /* ItemCell.swift in Sources */,
				AD60C00F1E9D2AD1005A68B8 /* Status.swift in Sources */,
				AD61C5F61EBD3B7C0083633A /* EmptySegue.swift in Sources */,
				AD0355651EBCB8B1008C6082 /* RoundCircleButton.swift in Sources */,
				AD7A1C561EE3486000FDDBBF /* OptionsPopup.swift in Sources */,
				AD101E3D1ECD08CA00B9DD9B /* DUMBViewController.swift in Sources */,
				AD60C0251E9D2B0A005A68B8 /* BoxCell.swift in Sources */,
				AD60C0721E9D2B44005A68B8 /* BoxFeedVC.swift in Sources */,
				ADC8886D1EAA90A100205D57 /* ItemImageView.swift in Sources */,
				AD60C0831E9D2B44005A68B8 /* PlayingAroundViewController.swift in Sources */,
				AD2A976F1EB7D5A7009FB66D /* BoxDetails_EditVC.swift in Sources */,
				AD60C0401E9D2B15005A68B8 /* SevenSwitch.swift in Sources */,
				AD60C02C1E9D2B0A005A68B8 /* LocationPickerCell.swift in Sources */,
				ADF2E5A21EEB050F00A1BE38 /* SCAlertStrings.swift in Sources */,
				AD60C0851E9D2B44005A68B8 /* qrScannerVC.swift in Sources */,
				AD60C00C1E9D2AD1005A68B8 /* Color.swift in Sources */,
				AD7A1C5A1EE6022500FDDBBF /* RoundTextView.swift in Sources */,
				ADEFFC9D1ECA6F6700CD0047 /* QR.swift in Sources */,
				AD60C07B1E9D2B44005A68B8 /* BoxStatusTableVC.swift in Sources */,
				AD54DD661ED621F40078CF48 /* Popover.swift in Sources */,
				AD60C07C1E9D2B44005A68B8 /* ItemDetailsVC.swift in Sources */,
				AD60C02B1E9D2B0A005A68B8 /* itemSelectCell.swift in Sources */,
				AD60C0141E9D2AEF005A68B8 /* DataService.swift in Sources */,
				AD60C0191E9D2AFE005A68B8 /* Constants.swift in Sources */,
				AD60C0791E9D2B44005A68B8 /* LocationPickerVC.swift in Sources */,
				AD60C09B1E9FF5CF005A68B8 /* PlayingFireBaseTableVC.swift in Sources */,
				AD7A1C461EDC85CD00FDDBBF /* OverlayView.swift in Sources */,
				AD60C0291E9D2B0A005A68B8 /* ColorCell.swift in Sources */,
				AD61C5FF1EBE116A0083633A /* BoxDetailsMaster.swift in Sources */,
				AD60C0711E9D2B44005A68B8 /* BoxDetails.swift in Sources */,
				AD60C0701E9D2B44005A68B8 /* AddItemsToBoxVC.swift in Sources */,
				AD60C0281E9D2B0A005A68B8 /* CategoryPickerCell.swift in Sources */,
				AD60C02E1E9D2B0A005A68B8 /* StatusCell.swift in Sources */,
				ADF6E62C1EC4F4D0009532C7 /* ItemFeedVC.swift in Sources */,
				AD60C0821E9D2B44005A68B8 /* SignUpViewController.swift in Sources */,
				AD60C0781E9D2B44005A68B8 /* LocationDetailsVC.swift in Sources */,
				AD60C0861E9D2B44005A68B8 /* SettingsVC.swift in Sources */,
				AD60C0101E9D2AD1005A68B8 /* User.swift in Sources */,
				AD60C0761E9D2B44005A68B8 /* CategoryPicker.swift in Sources */,
				AD6CC7331ED499F8008F5ADE /* AddItemsToBoxCell.swift in Sources */,
				AD60C0431E9D2B15005A68B8 /* Styled_View.swift in Sources */,
				AD60C0731E9D2B44005A68B8 /* BoxItemsVC.swift in Sources */,
				AD60C00D1E9D2AD1005A68B8 /* Item.swift in Sources */,
				AD60C00B1E9D2AD1005A68B8 /* Category.swift in Sources */,
				AD60C0771E9D2B44005A68B8 /* ColorTableVC.swift in Sources */,
				ADEAF65D1EB2C2390056ACC5 /* RoundView.swift in Sources */,
				AD60C00E1E9D2AD1005A68B8 /* Location.swift in Sources */,
				AD60C0121E9D2AE4005A68B8 /* SegueHandlerType.swift in Sources */,
				AD471AA61EDA140B00F47F5B /* GradientView.swift in Sources */,
				AD6CC7391ED49DE3008F5ADE /* PlayTableViewController.swift in Sources */,
			);
			runOnlyForDeploymentPostprocessing = 0;
		};
/* End PBXSourcesBuildPhase section */

/* Begin PBXVariantGroup section */
		AD60BFF21E9D28AB005A68B8 /* LaunchScreen.storyboard */ = {
			isa = PBXVariantGroup;
			children = (
				AD60BFF31E9D28AB005A68B8 /* Base */,
			);
			name = LaunchScreen.storyboard;
			sourceTree = "<group>";
		};
/* End PBXVariantGroup section */

/* Begin XCBuildConfiguration section */
		AD60BFF61E9D28AB005A68B8 /* Debug */ = {
			isa = XCBuildConfiguration;
			buildSettings = {
				ALWAYS_SEARCH_USER_PATHS = NO;
				CLANG_ANALYZER_NONNULL = YES;
				CLANG_CXX_LANGUAGE_STANDARD = "gnu++0x";
				CLANG_CXX_LIBRARY = "libc++";
				CLANG_ENABLE_MODULES = YES;
				CLANG_ENABLE_OBJC_ARC = YES;
				CLANG_WARN_BOOL_CONVERSION = YES;
				CLANG_WARN_CONSTANT_CONVERSION = YES;
				CLANG_WARN_DIRECT_OBJC_ISA_USAGE = YES_ERROR;
				CLANG_WARN_DOCUMENTATION_COMMENTS = YES;
				CLANG_WARN_EMPTY_BODY = YES;
				CLANG_WARN_ENUM_CONVERSION = YES;
				CLANG_WARN_INFINITE_RECURSION = YES;
				CLANG_WARN_INT_CONVERSION = YES;
				CLANG_WARN_OBJC_ROOT_CLASS = YES_ERROR;
				CLANG_WARN_SUSPICIOUS_MOVE = YES;
				CLANG_WARN_UNREACHABLE_CODE = YES;
				CLANG_WARN__DUPLICATE_METHOD_MATCH = YES;
				"CODE_SIGN_IDENTITY[sdk=iphoneos*]" = "iPhone Developer";
				COPY_PHASE_STRIP = NO;
				DEBUG_INFORMATION_FORMAT = dwarf;
				ENABLE_STRICT_OBJC_MSGSEND = YES;
				ENABLE_TESTABILITY = YES;
				GCC_C_LANGUAGE_STANDARD = gnu99;
				GCC_DYNAMIC_NO_PIC = NO;
				GCC_NO_COMMON_BLOCKS = YES;
				GCC_OPTIMIZATION_LEVEL = 0;
				GCC_PREPROCESSOR_DEFINITIONS = (
					"DEBUG=1",
					"$(inherited)",
				);
				GCC_WARN_64_TO_32_BIT_CONVERSION = YES;
				GCC_WARN_ABOUT_RETURN_TYPE = YES_ERROR;
				GCC_WARN_UNDECLARED_SELECTOR = YES;
				GCC_WARN_UNINITIALIZED_AUTOS = YES_AGGRESSIVE;
				GCC_WARN_UNUSED_FUNCTION = YES;
				GCC_WARN_UNUSED_VARIABLE = YES;
				IPHONEOS_DEPLOYMENT_TARGET = 9.3;
				MTL_ENABLE_DEBUG_INFO = YES;
				ONLY_ACTIVE_ARCH = YES;
				SDKROOT = iphoneos;
				SWIFT_ACTIVE_COMPILATION_CONDITIONS = DEBUG;
				SWIFT_OPTIMIZATION_LEVEL = "-Onone";
				TARGETED_DEVICE_FAMILY = "1,2";
			};
			name = Debug;
		};
		AD60BFF71E9D28AB005A68B8 /* Release */ = {
			isa = XCBuildConfiguration;
			buildSettings = {
				ALWAYS_SEARCH_USER_PATHS = NO;
				CLANG_ANALYZER_NONNULL = YES;
				CLANG_CXX_LANGUAGE_STANDARD = "gnu++0x";
				CLANG_CXX_LIBRARY = "libc++";
				CLANG_ENABLE_MODULES = YES;
				CLANG_ENABLE_OBJC_ARC = YES;
				CLANG_WARN_BOOL_CONVERSION = YES;
				CLANG_WARN_CONSTANT_CONVERSION = YES;
				CLANG_WARN_DIRECT_OBJC_ISA_USAGE = YES_ERROR;
				CLANG_WARN_DOCUMENTATION_COMMENTS = YES;
				CLANG_WARN_EMPTY_BODY = YES;
				CLANG_WARN_ENUM_CONVERSION = YES;
				CLANG_WARN_INFINITE_RECURSION = YES;
				CLANG_WARN_INT_CONVERSION = YES;
				CLANG_WARN_OBJC_ROOT_CLASS = YES_ERROR;
				CLANG_WARN_SUSPICIOUS_MOVE = YES;
				CLANG_WARN_UNREACHABLE_CODE = YES;
				CLANG_WARN__DUPLICATE_METHOD_MATCH = YES;
				"CODE_SIGN_IDENTITY[sdk=iphoneos*]" = "iPhone Developer";
				COPY_PHASE_STRIP = NO;
				DEBUG_INFORMATION_FORMAT = "dwarf-with-dsym";
				ENABLE_NS_ASSERTIONS = NO;
				ENABLE_STRICT_OBJC_MSGSEND = YES;
				GCC_C_LANGUAGE_STANDARD = gnu99;
				GCC_NO_COMMON_BLOCKS = YES;
				GCC_WARN_64_TO_32_BIT_CONVERSION = YES;
				GCC_WARN_ABOUT_RETURN_TYPE = YES_ERROR;
				GCC_WARN_UNDECLARED_SELECTOR = YES;
				GCC_WARN_UNINITIALIZED_AUTOS = YES_AGGRESSIVE;
				GCC_WARN_UNUSED_FUNCTION = YES;
				GCC_WARN_UNUSED_VARIABLE = YES;
				IPHONEOS_DEPLOYMENT_TARGET = 9.3;
				MTL_ENABLE_DEBUG_INFO = NO;
				SDKROOT = iphoneos;
				SWIFT_OPTIMIZATION_LEVEL = "-Owholemodule";
				TARGETED_DEVICE_FAMILY = "1,2";
				VALIDATE_PRODUCT = YES;
			};
			name = Release;
		};
		AD60BFF91E9D28AB005A68B8 /* Debug */ = {
			isa = XCBuildConfiguration;
			baseConfigurationReference = FB85C3D5F2103B187FEE8310 /* Pods-Stuff-It.debug.xcconfig */;
			buildSettings = {
				ALWAYS_EMBED_SWIFT_STANDARD_LIBRARIES = "$(inherited)";
				ASSETCATALOG_COMPILER_APPICON_NAME = AppIcon;
				CLANG_ENABLE_MODULES = YES;
				DEVELOPMENT_TEAM = 2F3H857UKN;
				INFOPLIST_FILE = "Stuff-It/Info.plist";
				LD_RUNPATH_SEARCH_PATHS = "$(inherited) @executable_path/Frameworks";
				PRODUCT_BUNDLE_IDENTIFIER = "com.michaelKing.Stuff-It-Inventory.Stuff-It";
				PRODUCT_NAME = "$(TARGET_NAME)";
				SWIFT_OBJC_BRIDGING_HEADER = "Stuff-It/Views/MBProgressHUD/Stuff-It-Bridging-Header.h";
				SWIFT_OPTIMIZATION_LEVEL = "-Onone";
				SWIFT_VERSION = 3.0;
			};
			name = Debug;
		};
		AD60BFFA1E9D28AB005A68B8 /* Release */ = {
			isa = XCBuildConfiguration;
			baseConfigurationReference = 26DD275E742BCE499C8CEDD6 /* Pods-Stuff-It.release.xcconfig */;
			buildSettings = {
				ALWAYS_EMBED_SWIFT_STANDARD_LIBRARIES = "$(inherited)";
				ASSETCATALOG_COMPILER_APPICON_NAME = AppIcon;
				CLANG_ENABLE_MODULES = YES;
				DEVELOPMENT_TEAM = 2F3H857UKN;
				INFOPLIST_FILE = "Stuff-It/Info.plist";
				LD_RUNPATH_SEARCH_PATHS = "$(inherited) @executable_path/Frameworks";
				PRODUCT_BUNDLE_IDENTIFIER = "com.michaelKing.Stuff-It-Inventory.Stuff-It";
				PRODUCT_NAME = "$(TARGET_NAME)";
				SWIFT_OBJC_BRIDGING_HEADER = "Stuff-It/Views/MBProgressHUD/Stuff-It-Bridging-Header.h";
				SWIFT_VERSION = 3.0;
			};
			name = Release;
		};
/* End XCBuildConfiguration section */

/* Begin XCConfigurationList section */
		AD60BFE11E9D28AB005A68B8 /* Build configuration list for PBXProject "Stuff-It" */ = {
			isa = XCConfigurationList;
			buildConfigurations = (
				AD60BFF61E9D28AB005A68B8 /* Debug */,
				AD60BFF71E9D28AB005A68B8 /* Release */,
			);
			defaultConfigurationIsVisible = 0;
			defaultConfigurationName = Release;
		};
		AD60BFF81E9D28AB005A68B8 /* Build configuration list for PBXNativeTarget "Stuff-It" */ = {
			isa = XCConfigurationList;
			buildConfigurations = (
				AD60BFF91E9D28AB005A68B8 /* Debug */,
				AD60BFFA1E9D28AB005A68B8 /* Release */,
			);
			defaultConfigurationIsVisible = 0;
			defaultConfigurationName = Release;
		};
/* End XCConfigurationList section */
	};
	rootObject = AD60BFDE1E9D28AB005A68B8 /* Project object */;
}
